// !$*UTF8*$!
{
	archiveVersion = 1;
	classes = {
	};
	objectVersion = 52;
	objects = {

/* Begin PBXBuildFile section */
		AC3413B822AEA1B40090487B /* String+SimpleMemo.swift in Sources */ = {isa = PBXBuildFile; fileRef = AC3413B722AEA1B40090487B /* String+SimpleMemo.swift */; };
		AC3F04CB23C4C2B3005ED8E6 /* UINavigationController+SimpleMemo.swift in Sources */ = {isa = PBXBuildFile; fileRef = AC3F04CA23C4C2B3005ED8E6 /* UINavigationController+SimpleMemo.swift */; };
		AC3F04D423C4ED96005ED8E6 /* AppComponent.swift in Sources */ = {isa = PBXBuildFile; fileRef = AC3F04D323C4ED96005ED8E6 /* AppComponent.swift */; };
		AC3F04E123C4F455005ED8E6 /* RootRouter.swift in Sources */ = {isa = PBXBuildFile; fileRef = AC3F04DD23C4F455005ED8E6 /* RootRouter.swift */; };
		AC3F04E223C4F455005ED8E6 /* RootViewController.swift in Sources */ = {isa = PBXBuildFile; fileRef = AC3F04DE23C4F455005ED8E6 /* RootViewController.swift */; };
		AC3F04E323C4F455005ED8E6 /* RootBuilder.swift in Sources */ = {isa = PBXBuildFile; fileRef = AC3F04DF23C4F455005ED8E6 /* RootBuilder.swift */; };
		AC3F04E423C4F455005ED8E6 /* RootInteractor.swift in Sources */ = {isa = PBXBuildFile; fileRef = AC3F04E023C4F455005ED8E6 /* RootInteractor.swift */; };
		AC3F04EB23C772BA005ED8E6 /* LoggedOutRouter.swift in Sources */ = {isa = PBXBuildFile; fileRef = AC3F04E623C772BA005ED8E6 /* LoggedOutRouter.swift */; };
		AC3F04EC23C772BA005ED8E6 /* LoggedOutViewController.swift in Sources */ = {isa = PBXBuildFile; fileRef = AC3F04E723C772BA005ED8E6 /* LoggedOutViewController.swift */; };
		AC3F04ED23C772BA005ED8E6 /* LoggedOutBuilder.swift in Sources */ = {isa = PBXBuildFile; fileRef = AC3F04E823C772BA005ED8E6 /* LoggedOutBuilder.swift */; };
		AC3F04EE23C772BA005ED8E6 /* LoggedOutInteractor.swift in Sources */ = {isa = PBXBuildFile; fileRef = AC3F04E923C772BA005ED8E6 /* LoggedOutInteractor.swift */; };
		AC3F04EF23C772BA005ED8E6 /* LoggedOutViewController.xib in Resources */ = {isa = PBXBuildFile; fileRef = AC3F04EA23C772BA005ED8E6 /* LoggedOutViewController.xib */; };
		AC7E1F03229A72A4001180C3 /* AppDelegate.swift in Sources */ = {isa = PBXBuildFile; fileRef = AC7E1F02229A72A4001180C3 /* AppDelegate.swift */; };
		AC7E1F08229A72A4001180C3 /* Main.storyboard in Resources */ = {isa = PBXBuildFile; fileRef = AC7E1F06229A72A4001180C3 /* Main.storyboard */; };
		AC7E1F0A229A72A7001180C3 /* Assets.xcassets in Resources */ = {isa = PBXBuildFile; fileRef = AC7E1F09229A72A7001180C3 /* Assets.xcassets */; };
		AC7E1F0D229A72A7001180C3 /* LaunchScreen.storyboard in Resources */ = {isa = PBXBuildFile; fileRef = AC7E1F0B229A72A7001180C3 /* LaunchScreen.storyboard */; };
		AC7E1F15229A73BF001180C3 /* MemosViewController.swift in Sources */ = {isa = PBXBuildFile; fileRef = AC7E1F14229A73BF001180C3 /* MemosViewController.swift */; };
		AC7E1F17229A73CE001180C3 /* AddMemoViewController.swift in Sources */ = {isa = PBXBuildFile; fileRef = AC7E1F16229A73CE001180C3 /* AddMemoViewController.swift */; };
		AC7E1F1C229A804F001180C3 /* MemosViewModel.swift in Sources */ = {isa = PBXBuildFile; fileRef = AC7E1F1B229A804E001180C3 /* MemosViewModel.swift */; };
		AC7E1F1E229A8082001180C3 /* AddMemoViewModel.swift in Sources */ = {isa = PBXBuildFile; fileRef = AC7E1F1D229A8082001180C3 /* AddMemoViewModel.swift */; };
		AC7E1F21229A815C001180C3 /* Memo.swift in Sources */ = {isa = PBXBuildFile; fileRef = AC7E1F20229A815C001180C3 /* Memo.swift */; };
		AC7E1F24229C2D00001180C3 /* GoogleService-Info.plist in Resources */ = {isa = PBXBuildFile; fileRef = AC7E1F23229C2D00001180C3 /* GoogleService-Info.plist */; };
		ACC0ACD1229C3AE90017BBB8 /* FirebaseManager.swift in Sources */ = {isa = PBXBuildFile; fileRef = ACC0ACD0229C3AE90017BBB8 /* FirebaseManager.swift */; };
		ACC0ACD322A073A60017BBB8 /* LoginViewController.swift in Sources */ = {isa = PBXBuildFile; fileRef = ACC0ACD222A073A60017BBB8 /* LoginViewController.swift */; };
		ACC0ACD522A073B70017BBB8 /* SignUpViewController.swift in Sources */ = {isa = PBXBuildFile; fileRef = ACC0ACD422A073B70017BBB8 /* SignUpViewController.swift */; };
		ACC0ACD722A0F4D40017BBB8 /* LoginViewModel.swift in Sources */ = {isa = PBXBuildFile; fileRef = ACC0ACD622A0F4D40017BBB8 /* LoginViewModel.swift */; };
		ACC0ACDB22A0FA400017BBB8 /* SignupViewModel.swift in Sources */ = {isa = PBXBuildFile; fileRef = ACC0ACDA22A0FA400017BBB8 /* SignupViewModel.swift */; };
		ACC0ACDF22A1391E0017BBB8 /* UIApplication+SimpleMemo.swift in Sources */ = {isa = PBXBuildFile; fileRef = ACC0ACDE22A1391E0017BBB8 /* UIApplication+SimpleMemo.swift */; };
		ACC0ACE122A1406B0017BBB8 /* Navigator.swift in Sources */ = {isa = PBXBuildFile; fileRef = ACC0ACE022A1406B0017BBB8 /* Navigator.swift */; };
		C221BA4023C5B6F20054297C /* JinnyAppKit in Frameworks */ = {isa = PBXBuildFile; productRef = C221BA3F23C5B6F20054297C /* JinnyAppKit */; };
		C2AECB6722C74B5400BB6EEE /* LoginTextInputManager.swift in Sources */ = {isa = PBXBuildFile; fileRef = C2AECB6622C74B5400BB6EEE /* LoginTextInputManager.swift */; };
		C2FCA05A22C7545C0094894D /* LoginManager.swift in Sources */ = {isa = PBXBuildFile; fileRef = C2FCA05922C7545C0094894D /* LoginManager.swift */; };
		FD4E73BD40815A7269FBD24B /* Pods_SimpleMemo.framework in Frameworks */ = {isa = PBXBuildFile; fileRef = 15546FFE30DB6CAA85C4C58B /* Pods_SimpleMemo.framework */; };
/* End PBXBuildFile section */

/* Begin PBXFileReference section */
		15546FFE30DB6CAA85C4C58B /* Pods_SimpleMemo.framework */ = {isa = PBXFileReference; explicitFileType = wrapper.framework; includeInIndex = 0; path = Pods_SimpleMemo.framework; sourceTree = BUILT_PRODUCTS_DIR; };
		4F561475DA26D4FA97485663 /* Pods-SimpleMemo.release.xcconfig */ = {isa = PBXFileReference; includeInIndex = 1; lastKnownFileType = text.xcconfig; name = "Pods-SimpleMemo.release.xcconfig"; path = "Pods/Target Support Files/Pods-SimpleMemo/Pods-SimpleMemo.release.xcconfig"; sourceTree = "<group>"; };
		5081BF39B389A6BC44D8C656 /* Pods-SimpleMemo.debug.xcconfig */ = {isa = PBXFileReference; includeInIndex = 1; lastKnownFileType = text.xcconfig; name = "Pods-SimpleMemo.debug.xcconfig"; path = "Pods/Target Support Files/Pods-SimpleMemo/Pods-SimpleMemo.debug.xcconfig"; sourceTree = "<group>"; };
		AC3413B722AEA1B40090487B /* String+SimpleMemo.swift */ = {isa = PBXFileReference; lastKnownFileType = sourcecode.swift; path = "String+SimpleMemo.swift"; sourceTree = "<group>"; };
		AC3F04CA23C4C2B3005ED8E6 /* UINavigationController+SimpleMemo.swift */ = {isa = PBXFileReference; lastKnownFileType = sourcecode.swift; path = "UINavigationController+SimpleMemo.swift"; sourceTree = "<group>"; };
		AC3F04D323C4ED96005ED8E6 /* AppComponent.swift */ = {isa = PBXFileReference; lastKnownFileType = sourcecode.swift; path = AppComponent.swift; sourceTree = "<group>"; };
		AC3F04DD23C4F455005ED8E6 /* RootRouter.swift */ = {isa = PBXFileReference; lastKnownFileType = sourcecode.swift; path = RootRouter.swift; sourceTree = "<group>"; };
		AC3F04DE23C4F455005ED8E6 /* RootViewController.swift */ = {isa = PBXFileReference; lastKnownFileType = sourcecode.swift; path = RootViewController.swift; sourceTree = "<group>"; };
		AC3F04DF23C4F455005ED8E6 /* RootBuilder.swift */ = {isa = PBXFileReference; lastKnownFileType = sourcecode.swift; path = RootBuilder.swift; sourceTree = "<group>"; };
		AC3F04E023C4F455005ED8E6 /* RootInteractor.swift */ = {isa = PBXFileReference; lastKnownFileType = sourcecode.swift; path = RootInteractor.swift; sourceTree = "<group>"; };
		AC3F04E623C772BA005ED8E6 /* LoggedOutRouter.swift */ = {isa = PBXFileReference; lastKnownFileType = sourcecode.swift; path = LoggedOutRouter.swift; sourceTree = "<group>"; };
		AC3F04E723C772BA005ED8E6 /* LoggedOutViewController.swift */ = {isa = PBXFileReference; lastKnownFileType = sourcecode.swift; path = LoggedOutViewController.swift; sourceTree = "<group>"; };
		AC3F04E823C772BA005ED8E6 /* LoggedOutBuilder.swift */ = {isa = PBXFileReference; lastKnownFileType = sourcecode.swift; path = LoggedOutBuilder.swift; sourceTree = "<group>"; };
		AC3F04E923C772BA005ED8E6 /* LoggedOutInteractor.swift */ = {isa = PBXFileReference; lastKnownFileType = sourcecode.swift; path = LoggedOutInteractor.swift; sourceTree = "<group>"; };
		AC3F04EA23C772BA005ED8E6 /* LoggedOutViewController.xib */ = {isa = PBXFileReference; lastKnownFileType = file.xib; path = LoggedOutViewController.xib; sourceTree = "<group>"; };
		AC7E1EFF229A72A4001180C3 /* SimpleMemo.app */ = {isa = PBXFileReference; explicitFileType = wrapper.application; includeInIndex = 0; path = SimpleMemo.app; sourceTree = BUILT_PRODUCTS_DIR; };
		AC7E1F02229A72A4001180C3 /* AppDelegate.swift */ = {isa = PBXFileReference; lastKnownFileType = sourcecode.swift; path = AppDelegate.swift; sourceTree = "<group>"; };
		AC7E1F07229A72A4001180C3 /* Base */ = {isa = PBXFileReference; lastKnownFileType = file.storyboard; name = Base; path = Base.lproj/Main.storyboard; sourceTree = "<group>"; };
		AC7E1F09229A72A7001180C3 /* Assets.xcassets */ = {isa = PBXFileReference; lastKnownFileType = folder.assetcatalog; path = Assets.xcassets; sourceTree = "<group>"; };
		AC7E1F0C229A72A7001180C3 /* Base */ = {isa = PBXFileReference; lastKnownFileType = file.storyboard; name = Base; path = Base.lproj/LaunchScreen.storyboard; sourceTree = "<group>"; };
		AC7E1F0E229A72A7001180C3 /* Info.plist */ = {isa = PBXFileReference; lastKnownFileType = text.plist.xml; path = Info.plist; sourceTree = "<group>"; };
		AC7E1F14229A73BF001180C3 /* MemosViewController.swift */ = {isa = PBXFileReference; lastKnownFileType = sourcecode.swift; path = MemosViewController.swift; sourceTree = "<group>"; };
		AC7E1F16229A73CE001180C3 /* AddMemoViewController.swift */ = {isa = PBXFileReference; lastKnownFileType = sourcecode.swift; path = AddMemoViewController.swift; sourceTree = "<group>"; };
		AC7E1F1B229A804E001180C3 /* MemosViewModel.swift */ = {isa = PBXFileReference; lastKnownFileType = sourcecode.swift; path = MemosViewModel.swift; sourceTree = "<group>"; };
		AC7E1F1D229A8082001180C3 /* AddMemoViewModel.swift */ = {isa = PBXFileReference; lastKnownFileType = sourcecode.swift; path = AddMemoViewModel.swift; sourceTree = "<group>"; };
		AC7E1F20229A815C001180C3 /* Memo.swift */ = {isa = PBXFileReference; lastKnownFileType = sourcecode.swift; path = Memo.swift; sourceTree = "<group>"; };
		AC7E1F23229C2D00001180C3 /* GoogleService-Info.plist */ = {isa = PBXFileReference; fileEncoding = 4; lastKnownFileType = text.plist.xml; path = "GoogleService-Info.plist"; sourceTree = "<group>"; };
		ACC0ACD0229C3AE90017BBB8 /* FirebaseManager.swift */ = {isa = PBXFileReference; lastKnownFileType = sourcecode.swift; path = FirebaseManager.swift; sourceTree = "<group>"; };
		ACC0ACD222A073A60017BBB8 /* LoginViewController.swift */ = {isa = PBXFileReference; lastKnownFileType = sourcecode.swift; path = LoginViewController.swift; sourceTree = "<group>"; };
		ACC0ACD422A073B70017BBB8 /* SignUpViewController.swift */ = {isa = PBXFileReference; lastKnownFileType = sourcecode.swift; path = SignUpViewController.swift; sourceTree = "<group>"; };
		ACC0ACD622A0F4D40017BBB8 /* LoginViewModel.swift */ = {isa = PBXFileReference; lastKnownFileType = sourcecode.swift; path = LoginViewModel.swift; sourceTree = "<group>"; };
		ACC0ACDA22A0FA400017BBB8 /* SignupViewModel.swift */ = {isa = PBXFileReference; lastKnownFileType = sourcecode.swift; path = SignupViewModel.swift; sourceTree = "<group>"; };
		ACC0ACDE22A1391E0017BBB8 /* UIApplication+SimpleMemo.swift */ = {isa = PBXFileReference; lastKnownFileType = sourcecode.swift; path = "UIApplication+SimpleMemo.swift"; sourceTree = "<group>"; };
		ACC0ACE022A1406B0017BBB8 /* Navigator.swift */ = {isa = PBXFileReference; lastKnownFileType = sourcecode.swift; path = Navigator.swift; sourceTree = "<group>"; };
		C2AECB6622C74B5400BB6EEE /* LoginTextInputManager.swift */ = {isa = PBXFileReference; lastKnownFileType = sourcecode.swift; path = LoginTextInputManager.swift; sourceTree = "<group>"; };
		C2FCA05922C7545C0094894D /* LoginManager.swift */ = {isa = PBXFileReference; lastKnownFileType = sourcecode.swift; path = LoginManager.swift; sourceTree = "<group>"; };
/* End PBXFileReference section */

/* Begin PBXFrameworksBuildPhase section */
		AC7E1EFC229A72A4001180C3 /* Frameworks */ = {
			isa = PBXFrameworksBuildPhase;
			buildActionMask = 2147483647;
			files = (
				C221BA4023C5B6F20054297C /* JinnyAppKit in Frameworks */,
				FD4E73BD40815A7269FBD24B /* Pods_SimpleMemo.framework in Frameworks */,
			);
			runOnlyForDeploymentPostprocessing = 0;
		};
/* End PBXFrameworksBuildPhase section */

/* Begin PBXGroup section */
		11A3A1CF1719C005CA3518BC /* Frameworks */ = {
			isa = PBXGroup;
			children = (
				15546FFE30DB6CAA85C4C58B /* Pods_SimpleMemo.framework */,
			);
			name = Frameworks;
			sourceTree = "<group>";
		};
		7D7C844DD5759FD6E90AE5AF /* Pods */ = {
			isa = PBXGroup;
			children = (
				5081BF39B389A6BC44D8C656 /* Pods-SimpleMemo.debug.xcconfig */,
				4F561475DA26D4FA97485663 /* Pods-SimpleMemo.release.xcconfig */,
			);
			name = Pods;
			sourceTree = "<group>";
		};
		AC3413B622AEA1850090487B /* Extension */ = {
			isa = PBXGroup;
			children = (
				AC3413B722AEA1B40090487B /* String+SimpleMemo.swift */,
				ACC0ACDE22A1391E0017BBB8 /* UIApplication+SimpleMemo.swift */,
				AC3F04CA23C4C2B3005ED8E6 /* UINavigationController+SimpleMemo.swift */,
			);
			path = Extension;
			sourceTree = "<group>";
		};
		AC3F04CC23C4C481005ED8E6 /* Utils */ = {
			isa = PBXGroup;
			children = (
				ACC0ACD0229C3AE90017BBB8 /* FirebaseManager.swift */,
				C2AECB6622C74B5400BB6EEE /* LoginTextInputManager.swift */,
				C2FCA05922C7545C0094894D /* LoginManager.swift */,
			);
			path = Utils;
			sourceTree = "<group>";
		};
		AC3F04D023C4ED32005ED8E6 /* RIBs */ = {
			isa = PBXGroup;
			children = (
				AC3F04D123C4ED50005ED8E6 /* Root */,
				AC3F04E523C77293005ED8E6 /* LoggedOut */,
			);
			path = RIBs;
			sourceTree = "<group>";
		};
		AC3F04D123C4ED50005ED8E6 /* Root */ = {
			isa = PBXGroup;
			children = (
				AC3F04DD23C4F455005ED8E6 /* RootRouter.swift */,
				AC3F04DE23C4F455005ED8E6 /* RootViewController.swift */,
				AC3F04DF23C4F455005ED8E6 /* RootBuilder.swift */,
				AC3F04E023C4F455005ED8E6 /* RootInteractor.swift */,
			);
			path = Root;
			sourceTree = "<group>";
		};
		AC3F04D223C4ED7C005ED8E6 /* App */ = {
			isa = PBXGroup;
			children = (
				AC7E1F02229A72A4001180C3 /* AppDelegate.swift */,
				AC3F04D323C4ED96005ED8E6 /* AppComponent.swift */,
			);
			path = App;
			sourceTree = "<group>";
		};
		AC3F04E523C77293005ED8E6 /* LoggedOut */ = {
			isa = PBXGroup;
			children = (
				AC3F04E623C772BA005ED8E6 /* LoggedOutRouter.swift */,
				AC3F04E823C772BA005ED8E6 /* LoggedOutBuilder.swift */,
				AC3F04E923C772BA005ED8E6 /* LoggedOutInteractor.swift */,
				AC3F04E723C772BA005ED8E6 /* LoggedOutViewController.swift */,
				AC3F04EA23C772BA005ED8E6 /* LoggedOutViewController.xib */,
			);
			path = LoggedOut;
			sourceTree = "<group>";
		};
		AC7E1EF6229A72A3001180C3 = {
			isa = PBXGroup;
			children = (
				AC7E1F01229A72A4001180C3 /* SimpleMemo */,
				AC7E1F00229A72A4001180C3 /* Products */,
				7D7C844DD5759FD6E90AE5AF /* Pods */,
				11A3A1CF1719C005CA3518BC /* Frameworks */,
			);
			sourceTree = "<group>";
		};
		AC7E1F00229A72A4001180C3 /* Products */ = {
			isa = PBXGroup;
			children = (
				AC7E1EFF229A72A4001180C3 /* SimpleMemo.app */,
			);
			name = Products;
			sourceTree = "<group>";
		};
		AC7E1F01229A72A4001180C3 /* SimpleMemo */ = {
			isa = PBXGroup;
			children = (
				AC3F04D223C4ED7C005ED8E6 /* App */,
				AC3F04D023C4ED32005ED8E6 /* RIBs */,
				AC3413B622AEA1850090487B /* Extension */,
				ACC0ACDD22A138E90017BBB8 /* Navigation */,
				AC7E1F1A229A8012001180C3 /* ViewModel */,
				AC7E1F19229A800C001180C3 /* View */,
				AC7E1F18229A8002001180C3 /* Model */,
				AC3F04CC23C4C481005ED8E6 /* Utils */,
				AC7E1F06229A72A4001180C3 /* Main.storyboard */,
				AC7E1F09229A72A7001180C3 /* Assets.xcassets */,
				AC7E1F0B229A72A7001180C3 /* LaunchScreen.storyboard */,
				AC7E1F0E229A72A7001180C3 /* Info.plist */,
				AC7E1F23229C2D00001180C3 /* GoogleService-Info.plist */,
			);
			path = SimpleMemo;
			sourceTree = "<group>";
		};
		AC7E1F18229A8002001180C3 /* Model */ = {
			isa = PBXGroup;
			children = (
				AC7E1F20229A815C001180C3 /* Memo.swift */,
			);
			path = Model;
			sourceTree = "<group>";
		};
		AC7E1F19229A800C001180C3 /* View */ = {
			isa = PBXGroup;
			children = (
				AC7E1F1F229A813E001180C3 /* Controller */,
			);
			path = View;
			sourceTree = "<group>";
		};
		AC7E1F1A229A8012001180C3 /* ViewModel */ = {
			isa = PBXGroup;
			children = (
				AC7E1F1B229A804E001180C3 /* MemosViewModel.swift */,
				AC7E1F1D229A8082001180C3 /* AddMemoViewModel.swift */,
				ACC0ACD622A0F4D40017BBB8 /* LoginViewModel.swift */,
				ACC0ACDA22A0FA400017BBB8 /* SignupViewModel.swift */,
			);
			path = ViewModel;
			sourceTree = "<group>";
		};
		AC7E1F1F229A813E001180C3 /* Controller */ = {
			isa = PBXGroup;
			children = (
				AC7E1F14229A73BF001180C3 /* MemosViewController.swift */,
				AC7E1F16229A73CE001180C3 /* AddMemoViewController.swift */,
				ACC0ACD222A073A60017BBB8 /* LoginViewController.swift */,
				ACC0ACD422A073B70017BBB8 /* SignUpViewController.swift */,
			);
			path = Controller;
			sourceTree = "<group>";
		};
		ACC0ACDD22A138E90017BBB8 /* Navigation */ = {
			isa = PBXGroup;
			children = (
				ACC0ACE022A1406B0017BBB8 /* Navigator.swift */,
			);
			path = Navigation;
			sourceTree = "<group>";
		};
/* End PBXGroup section */

/* Begin PBXNativeTarget section */
		AC7E1EFE229A72A4001180C3 /* SimpleMemo */ = {
			isa = PBXNativeTarget;
			buildConfigurationList = AC7E1F11229A72A7001180C3 /* Build configuration list for PBXNativeTarget "SimpleMemo" */;
			buildPhases = (
				571C37F28DD472B05740F5E0 /* [CP] Check Pods Manifest.lock */,
				AC7E1EFB229A72A4001180C3 /* Sources */,
				AC7E1EFC229A72A4001180C3 /* Frameworks */,
				AC7E1EFD229A72A4001180C3 /* Resources */,
				4DC5714EC7AC5CE864D00182 /* [CP] Embed Pods Frameworks */,
			);
			buildRules = (
			);
			dependencies = (
			);
			name = SimpleMemo;
			packageProductDependencies = (
				C221BA3F23C5B6F20054297C /* JinnyAppKit */,
			);
			productName = SimpleMemo;
			productReference = AC7E1EFF229A72A4001180C3 /* SimpleMemo.app */;
			productType = "com.apple.product-type.application";
		};
/* End PBXNativeTarget section */

/* Begin PBXProject section */
		AC7E1EF7229A72A3001180C3 /* Project object */ = {
			isa = PBXProject;
			attributes = {
				LastSwiftUpdateCheck = 1020;
				LastUpgradeCheck = 1020;
				ORGANIZATIONNAME = eunjin;
				TargetAttributes = {
					AC7E1EFE229A72A4001180C3 = {
						CreatedOnToolsVersion = 10.2;
					};
				};
			};
			buildConfigurationList = AC7E1EFA229A72A4001180C3 /* Build configuration list for PBXProject "SimpleMemo" */;
			compatibilityVersion = "Xcode 9.3";
			developmentRegion = en;
			hasScannedForEncodings = 0;
			knownRegions = (
				en,
				Base,
			);
			mainGroup = AC7E1EF6229A72A3001180C3;
			packageReferences = (
				C221BA3E23C5B6F20054297C /* XCRemoteSwiftPackageReference "JinnyAppKit" */,
			);
			productRefGroup = AC7E1F00229A72A4001180C3 /* Products */;
			projectDirPath = "";
			projectRoot = "";
			targets = (
				AC7E1EFE229A72A4001180C3 /* SimpleMemo */,
			);
		};
/* End PBXProject section */

/* Begin PBXResourcesBuildPhase section */
		AC7E1EFD229A72A4001180C3 /* Resources */ = {
			isa = PBXResourcesBuildPhase;
			buildActionMask = 2147483647;
			files = (
				AC3F04EF23C772BA005ED8E6 /* LoggedOutViewController.xib in Resources */,
				AC7E1F0D229A72A7001180C3 /* LaunchScreen.storyboard in Resources */,
				AC7E1F24229C2D00001180C3 /* GoogleService-Info.plist in Resources */,
				AC7E1F0A229A72A7001180C3 /* Assets.xcassets in Resources */,
				AC7E1F08229A72A4001180C3 /* Main.storyboard in Resources */,
			);
			runOnlyForDeploymentPostprocessing = 0;
		};
/* End PBXResourcesBuildPhase section */

/* Begin PBXShellScriptBuildPhase section */
		4DC5714EC7AC5CE864D00182 /* [CP] Embed Pods Frameworks */ = {
			isa = PBXShellScriptBuildPhase;
			buildActionMask = 2147483647;
			files = (
			);
			inputFileListPaths = (
				"${PODS_ROOT}/Target Support Files/Pods-SimpleMemo/Pods-SimpleMemo-frameworks-${CONFIGURATION}-input-files.xcfilelist",
			);
			name = "[CP] Embed Pods Frameworks";
			outputFileListPaths = (
				"${PODS_ROOT}/Target Support Files/Pods-SimpleMemo/Pods-SimpleMemo-frameworks-${CONFIGURATION}-output-files.xcfilelist",
			);
			runOnlyForDeploymentPostprocessing = 0;
			shellPath = /bin/sh;
			shellScript = "\"${PODS_ROOT}/Target Support Files/Pods-SimpleMemo/Pods-SimpleMemo-frameworks.sh\"\n";
			showEnvVarsInLog = 0;
		};
		571C37F28DD472B05740F5E0 /* [CP] Check Pods Manifest.lock */ = {
			isa = PBXShellScriptBuildPhase;
			buildActionMask = 2147483647;
			files = (
			);
			inputPaths = (
				"${PODS_PODFILE_DIR_PATH}/Podfile.lock",
				"${PODS_ROOT}/Manifest.lock",
			);
			name = "[CP] Check Pods Manifest.lock";
			outputPaths = (
				"$(DERIVED_FILE_DIR)/Pods-SimpleMemo-checkManifestLockResult.txt",
			);
			runOnlyForDeploymentPostprocessing = 0;
			shellPath = /bin/sh;
			shellScript = "diff \"${PODS_PODFILE_DIR_PATH}/Podfile.lock\" \"${PODS_ROOT}/Manifest.lock\" > /dev/null\nif [ $? != 0 ] ; then\n    # print error to STDERR\n    echo \"error: The sandbox is not in sync with the Podfile.lock. Run 'pod install' or update your CocoaPods installation.\" >&2\n    exit 1\nfi\n# This output is used by Xcode 'outputs' to avoid re-running this script phase.\necho \"SUCCESS\" > \"${SCRIPT_OUTPUT_FILE_0}\"\n";
			showEnvVarsInLog = 0;
		};
/* End PBXShellScriptBuildPhase section */

/* Begin PBXSourcesBuildPhase section */
		AC7E1EFB229A72A4001180C3 /* Sources */ = {
			isa = PBXSourcesBuildPhase;
			buildActionMask = 2147483647;
			files = (
				AC7E1F1C229A804F001180C3 /* MemosViewModel.swift in Sources */,
				AC3F04EE23C772BA005ED8E6 /* LoggedOutInteractor.swift in Sources */,
				AC3F04EC23C772BA005ED8E6 /* LoggedOutViewController.swift in Sources */,
				AC3F04ED23C772BA005ED8E6 /* LoggedOutBuilder.swift in Sources */,
				C2FCA05A22C7545C0094894D /* LoginManager.swift in Sources */,
				AC3F04E423C4F455005ED8E6 /* RootInteractor.swift in Sources */,
				AC3F04E123C4F455005ED8E6 /* RootRouter.swift in Sources */,
				C2AECB6722C74B5400BB6EEE /* LoginTextInputManager.swift in Sources */,
				AC7E1F17229A73CE001180C3 /* AddMemoViewController.swift in Sources */,
				AC3413B822AEA1B40090487B /* String+SimpleMemo.swift in Sources */,
				AC3F04D423C4ED96005ED8E6 /* AppComponent.swift in Sources */,
				ACC0ACD1229C3AE90017BBB8 /* FirebaseManager.swift in Sources */,
				AC3F04E323C4F455005ED8E6 /* RootBuilder.swift in Sources */,
				ACC0ACDF22A1391E0017BBB8 /* UIApplication+SimpleMemo.swift in Sources */,
				AC7E1F15229A73BF001180C3 /* MemosViewController.swift in Sources */,
				AC3F04E223C4F455005ED8E6 /* RootViewController.swift in Sources */,
				ACC0ACD322A073A60017BBB8 /* LoginViewController.swift in Sources */,
				AC7E1F21229A815C001180C3 /* Memo.swift in Sources */,
				ACC0ACE122A1406B0017BBB8 /* Navigator.swift in Sources */,
				ACC0ACDB22A0FA400017BBB8 /* SignupViewModel.swift in Sources */,
				ACC0ACD522A073B70017BBB8 /* SignUpViewController.swift in Sources */,
				AC7E1F1E229A8082001180C3 /* AddMemoViewModel.swift in Sources */,
				AC3F04EB23C772BA005ED8E6 /* LoggedOutRouter.swift in Sources */,
				ACC0ACD722A0F4D40017BBB8 /* LoginViewModel.swift in Sources */,
				AC3F04CB23C4C2B3005ED8E6 /* UINavigationController+SimpleMemo.swift in Sources */,
				AC7E1F03229A72A4001180C3 /* AppDelegate.swift in Sources */,
			);
			runOnlyForDeploymentPostprocessing = 0;
		};
/* End PBXSourcesBuildPhase section */

/* Begin PBXVariantGroup section */
		AC7E1F06229A72A4001180C3 /* Main.storyboard */ = {
			isa = PBXVariantGroup;
			children = (
				AC7E1F07229A72A4001180C3 /* Base */,
			);
			name = Main.storyboard;
			sourceTree = "<group>";
		};
		AC7E1F0B229A72A7001180C3 /* LaunchScreen.storyboard */ = {
			isa = PBXVariantGroup;
			children = (
				AC7E1F0C229A72A7001180C3 /* Base */,
			);
			name = LaunchScreen.storyboard;
			sourceTree = "<group>";
		};
/* End PBXVariantGroup section */

/* Begin XCBuildConfiguration section */
		AC7E1F0F229A72A7001180C3 /* Debug */ = {
			isa = XCBuildConfiguration;
			buildSettings = {
				ALWAYS_SEARCH_USER_PATHS = NO;
				CLANG_ANALYZER_NONNULL = YES;
				CLANG_ANALYZER_NUMBER_OBJECT_CONVERSION = YES_AGGRESSIVE;
				CLANG_CXX_LANGUAGE_STANDARD = "gnu++14";
				CLANG_CXX_LIBRARY = "libc++";
				CLANG_ENABLE_MODULES = YES;
				CLANG_ENABLE_OBJC_ARC = YES;
				CLANG_ENABLE_OBJC_WEAK = YES;
				CLANG_WARN_BLOCK_CAPTURE_AUTORELEASING = YES;
				CLANG_WARN_BOOL_CONVERSION = YES;
				CLANG_WARN_COMMA = YES;
				CLANG_WARN_CONSTANT_CONVERSION = YES;
				CLANG_WARN_DEPRECATED_OBJC_IMPLEMENTATIONS = YES;
				CLANG_WARN_DIRECT_OBJC_ISA_USAGE = YES_ERROR;
				CLANG_WARN_DOCUMENTATION_COMMENTS = YES;
				CLANG_WARN_EMPTY_BODY = YES;
				CLANG_WARN_ENUM_CONVERSION = YES;
				CLANG_WARN_INFINITE_RECURSION = YES;
				CLANG_WARN_INT_CONVERSION = YES;
				CLANG_WARN_NON_LITERAL_NULL_CONVERSION = YES;
				CLANG_WARN_OBJC_IMPLICIT_RETAIN_SELF = YES;
				CLANG_WARN_OBJC_LITERAL_CONVERSION = YES;
				CLANG_WARN_OBJC_ROOT_CLASS = YES_ERROR;
				CLANG_WARN_RANGE_LOOP_ANALYSIS = YES;
				CLANG_WARN_STRICT_PROTOTYPES = YES;
				CLANG_WARN_SUSPICIOUS_MOVE = YES;
				CLANG_WARN_UNGUARDED_AVAILABILITY = YES_AGGRESSIVE;
				CLANG_WARN_UNREACHABLE_CODE = YES;
				CLANG_WARN__DUPLICATE_METHOD_MATCH = YES;
				CODE_SIGN_IDENTITY = "iPhone Developer";
				COPY_PHASE_STRIP = NO;
				DEBUG_INFORMATION_FORMAT = dwarf;
				ENABLE_STRICT_OBJC_MSGSEND = YES;
				ENABLE_TESTABILITY = YES;
				GCC_C_LANGUAGE_STANDARD = gnu11;
				GCC_DYNAMIC_NO_PIC = NO;
				GCC_NO_COMMON_BLOCKS = YES;
				GCC_OPTIMIZATION_LEVEL = 0;
				GCC_PREPROCESSOR_DEFINITIONS = (
					"DEBUG=1",
					"$(inherited)",
				);
				GCC_WARN_64_TO_32_BIT_CONVERSION = YES;
				GCC_WARN_ABOUT_RETURN_TYPE = YES_ERROR;
				GCC_WARN_UNDECLARED_SELECTOR = YES;
				GCC_WARN_UNINITIALIZED_AUTOS = YES_AGGRESSIVE;
				GCC_WARN_UNUSED_FUNCTION = YES;
				GCC_WARN_UNUSED_VARIABLE = YES;
				IPHONEOS_DEPLOYMENT_TARGET = 12.2;
				MTL_ENABLE_DEBUG_INFO = INCLUDE_SOURCE;
				MTL_FAST_MATH = YES;
				ONLY_ACTIVE_ARCH = YES;
				SDKROOT = iphoneos;
				SWIFT_ACTIVE_COMPILATION_CONDITIONS = DEBUG;
				SWIFT_OPTIMIZATION_LEVEL = "-Onone";
			};
			name = Debug;
		};
		AC7E1F10229A72A7001180C3 /* Release */ = {
			isa = XCBuildConfiguration;
			buildSettings = {
				ALWAYS_SEARCH_USER_PATHS = NO;
				CLANG_ANALYZER_NONNULL = YES;
				CLANG_ANALYZER_NUMBER_OBJECT_CONVERSION = YES_AGGRESSIVE;
				CLANG_CXX_LANGUAGE_STANDARD = "gnu++14";
				CLANG_CXX_LIBRARY = "libc++";
				CLANG_ENABLE_MODULES = YES;
				CLANG_ENABLE_OBJC_ARC = YES;
				CLANG_ENABLE_OBJC_WEAK = YES;
				CLANG_WARN_BLOCK_CAPTURE_AUTORELEASING = YES;
				CLANG_WARN_BOOL_CONVERSION = YES;
				CLANG_WARN_COMMA = YES;
				CLANG_WARN_CONSTANT_CONVERSION = YES;
				CLANG_WARN_DEPRECATED_OBJC_IMPLEMENTATIONS = YES;
				CLANG_WARN_DIRECT_OBJC_ISA_USAGE = YES_ERROR;
				CLANG_WARN_DOCUMENTATION_COMMENTS = YES;
				CLANG_WARN_EMPTY_BODY = YES;
				CLANG_WARN_ENUM_CONVERSION = YES;
				CLANG_WARN_INFINITE_RECURSION = YES;
				CLANG_WARN_INT_CONVERSION = YES;
				CLANG_WARN_NON_LITERAL_NULL_CONVERSION = YES;
				CLANG_WARN_OBJC_IMPLICIT_RETAIN_SELF = YES;
				CLANG_WARN_OBJC_LITERAL_CONVERSION = YES;
				CLANG_WARN_OBJC_ROOT_CLASS = YES_ERROR;
				CLANG_WARN_RANGE_LOOP_ANALYSIS = YES;
				CLANG_WARN_STRICT_PROTOTYPES = YES;
				CLANG_WARN_SUSPICIOUS_MOVE = YES;
				CLANG_WARN_UNGUARDED_AVAILABILITY = YES_AGGRESSIVE;
				CLANG_WARN_UNREACHABLE_CODE = YES;
				CLANG_WARN__DUPLICATE_METHOD_MATCH = YES;
				CODE_SIGN_IDENTITY = "iPhone Developer";
				COPY_PHASE_STRIP = NO;
				DEBUG_INFORMATION_FORMAT = "dwarf-with-dsym";
				ENABLE_NS_ASSERTIONS = NO;
				ENABLE_STRICT_OBJC_MSGSEND = YES;
				GCC_C_LANGUAGE_STANDARD = gnu11;
				GCC_NO_COMMON_BLOCKS = YES;
				GCC_WARN_64_TO_32_BIT_CONVERSION = YES;
				GCC_WARN_ABOUT_RETURN_TYPE = YES_ERROR;
				GCC_WARN_UNDECLARED_SELECTOR = YES;
				GCC_WARN_UNINITIALIZED_AUTOS = YES_AGGRESSIVE;
				GCC_WARN_UNUSED_FUNCTION = YES;
				GCC_WARN_UNUSED_VARIABLE = YES;
				IPHONEOS_DEPLOYMENT_TARGET = 12.2;
				MTL_ENABLE_DEBUG_INFO = NO;
				MTL_FAST_MATH = YES;
				SDKROOT = iphoneos;
				SWIFT_COMPILATION_MODE = wholemodule;
				SWIFT_OPTIMIZATION_LEVEL = "-O";
				VALIDATE_PRODUCT = YES;
			};
			name = Release;
		};
		AC7E1F12229A72A7001180C3 /* Debug */ = {
			isa = XCBuildConfiguration;
			baseConfigurationReference = 5081BF39B389A6BC44D8C656 /* Pods-SimpleMemo.debug.xcconfig */;
			buildSettings = {
				ASSETCATALOG_COMPILER_APPICON_NAME = AppIcon;
				CODE_SIGN_STYLE = Automatic;
				DEVELOPMENT_TEAM = 6C4YL9RLK7;
				INFOPLIST_FILE = SimpleMemo/Info.plist;
				LD_RUNPATH_SEARCH_PATHS = (
					"$(inherited)",
					"@executable_path/Frameworks",
				);
				PRODUCT_BUNDLE_IDENTIFIER = com.eunjin.SimpleMemo;
				PRODUCT_NAME = "$(TARGET_NAME)";
				SWIFT_VERSION = 5.0;
				TARGETED_DEVICE_FAMILY = "1,2";
			};
			name = Debug;
		};
		AC7E1F13229A72A7001180C3 /* Release */ = {
			isa = XCBuildConfiguration;
			baseConfigurationReference = 4F561475DA26D4FA97485663 /* Pods-SimpleMemo.release.xcconfig */;
			buildSettings = {
				ASSETCATALOG_COMPILER_APPICON_NAME = AppIcon;
				CODE_SIGN_STYLE = Automatic;
				DEVELOPMENT_TEAM = 6C4YL9RLK7;
				INFOPLIST_FILE = SimpleMemo/Info.plist;
				LD_RUNPATH_SEARCH_PATHS = (
					"$(inherited)",
					"@executable_path/Frameworks",
				);
				PRODUCT_BUNDLE_IDENTIFIER = com.eunjin.SimpleMemo;
				PRODUCT_NAME = "$(TARGET_NAME)";
				SWIFT_VERSION = 5.0;
				TARGETED_DEVICE_FAMILY = "1,2";
			};
			name = Release;
		};
/* End XCBuildConfiguration section */

/* Begin XCConfigurationList section */
		AC7E1EFA229A72A4001180C3 /* Build configuration list for PBXProject "SimpleMemo" */ = {
			isa = XCConfigurationList;
			buildConfigurations = (
				AC7E1F0F229A72A7001180C3 /* Debug */,
				AC7E1F10229A72A7001180C3 /* Release */,
			);
			defaultConfigurationIsVisible = 0;
			defaultConfigurationName = Release;
		};
		AC7E1F11229A72A7001180C3 /* Build configuration list for PBXNativeTarget "SimpleMemo" */ = {
			isa = XCConfigurationList;
			buildConfigurations = (
				AC7E1F12229A72A7001180C3 /* Debug */,
				AC7E1F13229A72A7001180C3 /* Release */,
			);
			defaultConfigurationIsVisible = 0;
			defaultConfigurationName = Release;
		};
/* End XCConfigurationList section */

/* Begin XCRemoteSwiftPackageReference section */
		C221BA3E23C5B6F20054297C /* XCRemoteSwiftPackageReference "JinnyAppKit" */ = {
			isa = XCRemoteSwiftPackageReference;
			repositoryURL = "https://github.com/eunjin3786/JinnyAppKit";
			requirement = {
				kind = upToNextMajorVersion;
				minimumVersion = 0.1.2;
			};
		};
/* End XCRemoteSwiftPackageReference section */

/* Begin XCSwiftPackageProductDependency section */
		C221BA3F23C5B6F20054297C /* JinnyAppKit */ = {
			isa = XCSwiftPackageProductDependency;
			package = C221BA3E23C5B6F20054297C /* XCRemoteSwiftPackageReference "JinnyAppKit" */;
			productName = JinnyAppKit;
		};
/* End XCSwiftPackageProductDependency section */
	};
	rootObject = AC7E1EF7229A72A3001180C3 /* Project object */;
}
