// !$*UTF8*$!
{
	archiveVersion = 1;
	classes = {
	};
	objectVersion = 51;
	objects = {

/* Begin PBXBuildFile section */
		2A2A2231754F70F31C3FB8AE /* Pods_SimpleMemoTests.framework in Frameworks */ = {isa = PBXBuildFile; fileRef = 0A6F09E78BAEC6FA1DC33054 /* Pods_SimpleMemoTests.framework */; };
		AC3413B822AEA1B40090487B /* String+SimpleMemo.swift in Sources */ = {isa = PBXBuildFile; fileRef = AC3413B722AEA1B40090487B /* String+SimpleMemo.swift */; };
		AC3F04CB23C4C2B3005ED8E6 /* UINavigationController+SimpleMemo.swift in Sources */ = {isa = PBXBuildFile; fileRef = AC3F04CA23C4C2B3005ED8E6 /* UINavigationController+SimpleMemo.swift */; };
		AC3F04D423C4ED96005ED8E6 /* AppComponent.swift in Sources */ = {isa = PBXBuildFile; fileRef = AC3F04D323C4ED96005ED8E6 /* AppComponent.swift */; };
		AC3F04E123C4F455005ED8E6 /* RootRouter.swift in Sources */ = {isa = PBXBuildFile; fileRef = AC3F04DD23C4F455005ED8E6 /* RootRouter.swift */; };
		AC3F04E223C4F455005ED8E6 /* RootViewController.swift in Sources */ = {isa = PBXBuildFile; fileRef = AC3F04DE23C4F455005ED8E6 /* RootViewController.swift */; };
		AC3F04E323C4F455005ED8E6 /* RootBuilder.swift in Sources */ = {isa = PBXBuildFile; fileRef = AC3F04DF23C4F455005ED8E6 /* RootBuilder.swift */; };
		AC3F04E423C4F455005ED8E6 /* RootInteractor.swift in Sources */ = {isa = PBXBuildFile; fileRef = AC3F04E023C4F455005ED8E6 /* RootInteractor.swift */; };
		AC3F04EB23C772BA005ED8E6 /* LoggedOutRouter.swift in Sources */ = {isa = PBXBuildFile; fileRef = AC3F04E623C772BA005ED8E6 /* LoggedOutRouter.swift */; };
		AC3F04EC23C772BA005ED8E6 /* LoggedOutViewController.swift in Sources */ = {isa = PBXBuildFile; fileRef = AC3F04E723C772BA005ED8E6 /* LoggedOutViewController.swift */; };
		AC3F04ED23C772BA005ED8E6 /* LoggedOutBuilder.swift in Sources */ = {isa = PBXBuildFile; fileRef = AC3F04E823C772BA005ED8E6 /* LoggedOutBuilder.swift */; };
		AC3F04EE23C772BA005ED8E6 /* LoggedOutInteractor.swift in Sources */ = {isa = PBXBuildFile; fileRef = AC3F04E923C772BA005ED8E6 /* LoggedOutInteractor.swift */; };
		AC3F04EF23C772BA005ED8E6 /* LoggedOutViewController.xib in Resources */ = {isa = PBXBuildFile; fileRef = AC3F04EA23C772BA005ED8E6 /* LoggedOutViewController.xib */; };
		AC3F052823C97781005ED8E6 /* Storyboard.swift in Sources */ = {isa = PBXBuildFile; fileRef = AC3F052723C97781005ED8E6 /* Storyboard.swift */; };
		AC3F052A23CA0004005ED8E6 /* Color.xcassets in Resources */ = {isa = PBXBuildFile; fileRef = AC3F052923CA0004005ED8E6 /* Color.xcassets */; };
		AC503E7823CF522300FA1EC2 /* SignUpRouter.swift in Sources */ = {isa = PBXBuildFile; fileRef = AC503E7323CF522300FA1EC2 /* SignUpRouter.swift */; };
		AC503E7923CF522300FA1EC2 /* SignUpViewController.swift in Sources */ = {isa = PBXBuildFile; fileRef = AC503E7423CF522300FA1EC2 /* SignUpViewController.swift */; };
		AC503E7A23CF522300FA1EC2 /* SignUpBuilder.swift in Sources */ = {isa = PBXBuildFile; fileRef = AC503E7523CF522300FA1EC2 /* SignUpBuilder.swift */; };
		AC503E7B23CF522300FA1EC2 /* SignUpInteractor.swift in Sources */ = {isa = PBXBuildFile; fileRef = AC503E7623CF522300FA1EC2 /* SignUpInteractor.swift */; };
		AC503E7C23CF522300FA1EC2 /* SignUpViewController.xib in Resources */ = {isa = PBXBuildFile; fileRef = AC503E7723CF522300FA1EC2 /* SignUpViewController.xib */; };
		AC503E7E23CF5C7700FA1EC2 /* Main.storyboard in Resources */ = {isa = PBXBuildFile; fileRef = AC503E7D23CF5C7700FA1EC2 /* Main.storyboard */; };
		AC7E1F03229A72A4001180C3 /* AppDelegate.swift in Sources */ = {isa = PBXBuildFile; fileRef = AC7E1F02229A72A4001180C3 /* AppDelegate.swift */; };
		AC7E1F0A229A72A7001180C3 /* Assets.xcassets in Resources */ = {isa = PBXBuildFile; fileRef = AC7E1F09229A72A7001180C3 /* Assets.xcassets */; };
		AC7E1F0D229A72A7001180C3 /* LaunchScreen.storyboard in Resources */ = {isa = PBXBuildFile; fileRef = AC7E1F0B229A72A7001180C3 /* LaunchScreen.storyboard */; };
		AC7E1F21229A815C001180C3 /* Memo.swift in Sources */ = {isa = PBXBuildFile; fileRef = AC7E1F20229A815C001180C3 /* Memo.swift */; };
		AC7E1F24229C2D00001180C3 /* GoogleService-Info.plist in Resources */ = {isa = PBXBuildFile; fileRef = AC7E1F23229C2D00001180C3 /* GoogleService-Info.plist */; };
		ACC0ACD1229C3AE90017BBB8 /* FirebaseManager.swift in Sources */ = {isa = PBXBuildFile; fileRef = ACC0ACD0229C3AE90017BBB8 /* FirebaseManager.swift */; };
		ACC0ACDF22A1391E0017BBB8 /* UIApplication+SimpleMemo.swift in Sources */ = {isa = PBXBuildFile; fileRef = ACC0ACDE22A1391E0017BBB8 /* UIApplication+SimpleMemo.swift */; };
		ACC0ACE122A1406B0017BBB8 /* Navigator.swift in Sources */ = {isa = PBXBuildFile; fileRef = ACC0ACE022A1406B0017BBB8 /* Navigator.swift */; };
		C214C78123C8566C00B760DC /* LoggedInRouter.swift in Sources */ = {isa = PBXBuildFile; fileRef = C214C77E23C8566C00B760DC /* LoggedInRouter.swift */; };
		C214C78223C8566C00B760DC /* LoggedInBuilder.swift in Sources */ = {isa = PBXBuildFile; fileRef = C214C77F23C8566C00B760DC /* LoggedInBuilder.swift */; };
		C214C78323C8566C00B760DC /* LoggedInInteractor.swift in Sources */ = {isa = PBXBuildFile; fileRef = C214C78023C8566C00B760DC /* LoggedInInteractor.swift */; };
		C227CC6723CEDE1A00574AD0 /* AddMemoBuilder.swift in Sources */ = {isa = PBXBuildFile; fileRef = C227CC6223CEDE1A00574AD0 /* AddMemoBuilder.swift */; };
		C227CC6823CEDE1A00574AD0 /* AddMemoInteractor.swift in Sources */ = {isa = PBXBuildFile; fileRef = C227CC6323CEDE1A00574AD0 /* AddMemoInteractor.swift */; };
		C227CC6923CEDE1A00574AD0 /* AddMemoRouter.swift in Sources */ = {isa = PBXBuildFile; fileRef = C227CC6423CEDE1A00574AD0 /* AddMemoRouter.swift */; };
		C227CC6A23CEDE1A00574AD0 /* AddMemoViewController.xib in Resources */ = {isa = PBXBuildFile; fileRef = C227CC6523CEDE1A00574AD0 /* AddMemoViewController.xib */; };
		C227CC6B23CEDE1A00574AD0 /* AddMemoViewController.swift in Sources */ = {isa = PBXBuildFile; fileRef = C227CC6623CEDE1A00574AD0 /* AddMemoViewController.swift */; };
		C227CC7223CEDE3C00574AD0 /* MemosBuilder.swift in Sources */ = {isa = PBXBuildFile; fileRef = C227CC6D23CEDE3C00574AD0 /* MemosBuilder.swift */; };
		C227CC7323CEDE3C00574AD0 /* MemosRouter.swift in Sources */ = {isa = PBXBuildFile; fileRef = C227CC6E23CEDE3C00574AD0 /* MemosRouter.swift */; };
		C227CC7423CEDE3C00574AD0 /* MemosInteractor.swift in Sources */ = {isa = PBXBuildFile; fileRef = C227CC6F23CEDE3C00574AD0 /* MemosInteractor.swift */; };
		C227CC7523CEDE3C00574AD0 /* MemosViewController.swift in Sources */ = {isa = PBXBuildFile; fileRef = C227CC7023CEDE3C00574AD0 /* MemosViewController.swift */; };
		C227CC7623CEDE3C00574AD0 /* MemosViewController.storyboard in Resources */ = {isa = PBXBuildFile; fileRef = C227CC7123CEDE3C00574AD0 /* MemosViewController.storyboard */; };
		C28BFDC723D2900C002C5E5C /* RootInteractorTests.swift in Sources */ = {isa = PBXBuildFile; fileRef = C28BFDC523D2900C002C5E5C /* RootInteractorTests.swift */; };
		C28BFDC823D2900C002C5E5C /* RootRouterTests.swift in Sources */ = {isa = PBXBuildFile; fileRef = C28BFDC623D2900C002C5E5C /* RootRouterTests.swift */; };
		C28BFDCA23D29148002C5E5C /* Mocks.swift in Sources */ = {isa = PBXBuildFile; fileRef = C28BFDC923D29148002C5E5C /* Mocks.swift */; };
		C2AECB6722C74B5400BB6EEE /* LoginTextInputManager.swift in Sources */ = {isa = PBXBuildFile; fileRef = C2AECB6622C74B5400BB6EEE /* LoginTextInputManager.swift */; };
		FD4E73BD40815A7269FBD24B /* Pods_SimpleMemo.framework in Frameworks */ = {isa = PBXBuildFile; fileRef = 15546FFE30DB6CAA85C4C58B /* Pods_SimpleMemo.framework */; };
/* End PBXBuildFile section */

/* Begin PBXContainerItemProxy section */
		C28BFDBC23D1C513002C5E5C /* PBXContainerItemProxy */ = {
			isa = PBXContainerItemProxy;
			containerPortal = AC7E1EF7229A72A3001180C3 /* Project object */;
			proxyType = 1;
			remoteGlobalIDString = AC7E1EFE229A72A4001180C3;
			remoteInfo = SimpleMemo;
		};
/* End PBXContainerItemProxy section */

/* Begin PBXFileReference section */
		08CEA3B5CCC62DBE7374C673 /* Pods-SimpleMemoTests.release.xcconfig */ = {isa = PBXFileReference; includeInIndex = 1; lastKnownFileType = text.xcconfig; name = "Pods-SimpleMemoTests.release.xcconfig"; path = "Pods/Target Support Files/Pods-SimpleMemoTests/Pods-SimpleMemoTests.release.xcconfig"; sourceTree = "<group>"; };
		0A6F09E78BAEC6FA1DC33054 /* Pods_SimpleMemoTests.framework */ = {isa = PBXFileReference; explicitFileType = wrapper.framework; includeInIndex = 0; path = Pods_SimpleMemoTests.framework; sourceTree = BUILT_PRODUCTS_DIR; };
		15546FFE30DB6CAA85C4C58B /* Pods_SimpleMemo.framework */ = {isa = PBXFileReference; explicitFileType = wrapper.framework; includeInIndex = 0; path = Pods_SimpleMemo.framework; sourceTree = BUILT_PRODUCTS_DIR; };
		15F187E2314ECC73C880AD74 /* Pods-SimpleMemoTests.debug.xcconfig */ = {isa = PBXFileReference; includeInIndex = 1; lastKnownFileType = text.xcconfig; name = "Pods-SimpleMemoTests.debug.xcconfig"; path = "Pods/Target Support Files/Pods-SimpleMemoTests/Pods-SimpleMemoTests.debug.xcconfig"; sourceTree = "<group>"; };
		4F561475DA26D4FA97485663 /* Pods-SimpleMemo.release.xcconfig */ = {isa = PBXFileReference; includeInIndex = 1; lastKnownFileType = text.xcconfig; name = "Pods-SimpleMemo.release.xcconfig"; path = "Pods/Target Support Files/Pods-SimpleMemo/Pods-SimpleMemo.release.xcconfig"; sourceTree = "<group>"; };
		5081BF39B389A6BC44D8C656 /* Pods-SimpleMemo.debug.xcconfig */ = {isa = PBXFileReference; includeInIndex = 1; lastKnownFileType = text.xcconfig; name = "Pods-SimpleMemo.debug.xcconfig"; path = "Pods/Target Support Files/Pods-SimpleMemo/Pods-SimpleMemo.debug.xcconfig"; sourceTree = "<group>"; };
		AC3413B722AEA1B40090487B /* String+SimpleMemo.swift */ = {isa = PBXFileReference; lastKnownFileType = sourcecode.swift; path = "String+SimpleMemo.swift"; sourceTree = "<group>"; };
		AC3F04CA23C4C2B3005ED8E6 /* UINavigationController+SimpleMemo.swift */ = {isa = PBXFileReference; lastKnownFileType = sourcecode.swift; path = "UINavigationController+SimpleMemo.swift"; sourceTree = "<group>"; };
		AC3F04D323C4ED96005ED8E6 /* AppComponent.swift */ = {isa = PBXFileReference; lastKnownFileType = sourcecode.swift; path = AppComponent.swift; sourceTree = "<group>"; };
		AC3F04DD23C4F455005ED8E6 /* RootRouter.swift */ = {isa = PBXFileReference; lastKnownFileType = sourcecode.swift; path = RootRouter.swift; sourceTree = "<group>"; };
		AC3F04DE23C4F455005ED8E6 /* RootViewController.swift */ = {isa = PBXFileReference; lastKnownFileType = sourcecode.swift; path = RootViewController.swift; sourceTree = "<group>"; };
		AC3F04DF23C4F455005ED8E6 /* RootBuilder.swift */ = {isa = PBXFileReference; lastKnownFileType = sourcecode.swift; path = RootBuilder.swift; sourceTree = "<group>"; };
		AC3F04E023C4F455005ED8E6 /* RootInteractor.swift */ = {isa = PBXFileReference; lastKnownFileType = sourcecode.swift; path = RootInteractor.swift; sourceTree = "<group>"; };
		AC3F04E623C772BA005ED8E6 /* LoggedOutRouter.swift */ = {isa = PBXFileReference; lastKnownFileType = sourcecode.swift; path = LoggedOutRouter.swift; sourceTree = "<group>"; };
		AC3F04E723C772BA005ED8E6 /* LoggedOutViewController.swift */ = {isa = PBXFileReference; lastKnownFileType = sourcecode.swift; path = LoggedOutViewController.swift; sourceTree = "<group>"; };
		AC3F04E823C772BA005ED8E6 /* LoggedOutBuilder.swift */ = {isa = PBXFileReference; lastKnownFileType = sourcecode.swift; path = LoggedOutBuilder.swift; sourceTree = "<group>"; };
		AC3F04E923C772BA005ED8E6 /* LoggedOutInteractor.swift */ = {isa = PBXFileReference; lastKnownFileType = sourcecode.swift; path = LoggedOutInteractor.swift; sourceTree = "<group>"; };
		AC3F04EA23C772BA005ED8E6 /* LoggedOutViewController.xib */ = {isa = PBXFileReference; lastKnownFileType = file.xib; path = LoggedOutViewController.xib; sourceTree = "<group>"; };
		AC3F052723C97781005ED8E6 /* Storyboard.swift */ = {isa = PBXFileReference; lastKnownFileType = sourcecode.swift; path = Storyboard.swift; sourceTree = "<group>"; };
		AC3F052923CA0004005ED8E6 /* Color.xcassets */ = {isa = PBXFileReference; lastKnownFileType = folder.assetcatalog; path = Color.xcassets; sourceTree = "<group>"; };
		AC503E7323CF522300FA1EC2 /* SignUpRouter.swift */ = {isa = PBXFileReference; lastKnownFileType = sourcecode.swift; path = SignUpRouter.swift; sourceTree = "<group>"; };
		AC503E7423CF522300FA1EC2 /* SignUpViewController.swift */ = {isa = PBXFileReference; lastKnownFileType = sourcecode.swift; path = SignUpViewController.swift; sourceTree = "<group>"; };
		AC503E7523CF522300FA1EC2 /* SignUpBuilder.swift */ = {isa = PBXFileReference; lastKnownFileType = sourcecode.swift; path = SignUpBuilder.swift; sourceTree = "<group>"; };
		AC503E7623CF522300FA1EC2 /* SignUpInteractor.swift */ = {isa = PBXFileReference; lastKnownFileType = sourcecode.swift; path = SignUpInteractor.swift; sourceTree = "<group>"; };
		AC503E7723CF522300FA1EC2 /* SignUpViewController.xib */ = {isa = PBXFileReference; lastKnownFileType = file.xib; path = SignUpViewController.xib; sourceTree = "<group>"; };
		AC503E7D23CF5C7700FA1EC2 /* Main.storyboard */ = {isa = PBXFileReference; lastKnownFileType = file.storyboard; path = Main.storyboard; sourceTree = "<group>"; };
		AC7E1EFF229A72A4001180C3 /* SimpleMemo.app */ = {isa = PBXFileReference; explicitFileType = wrapper.application; includeInIndex = 0; path = SimpleMemo.app; sourceTree = BUILT_PRODUCTS_DIR; };
		AC7E1F02229A72A4001180C3 /* AppDelegate.swift */ = {isa = PBXFileReference; lastKnownFileType = sourcecode.swift; path = AppDelegate.swift; sourceTree = "<group>"; };
		AC7E1F09229A72A7001180C3 /* Assets.xcassets */ = {isa = PBXFileReference; lastKnownFileType = folder.assetcatalog; path = Assets.xcassets; sourceTree = "<group>"; };
		AC7E1F0C229A72A7001180C3 /* Base */ = {isa = PBXFileReference; lastKnownFileType = file.storyboard; name = Base; path = Base.lproj/LaunchScreen.storyboard; sourceTree = "<group>"; };
		AC7E1F0E229A72A7001180C3 /* Info.plist */ = {isa = PBXFileReference; lastKnownFileType = text.plist.xml; path = Info.plist; sourceTree = "<group>"; };
		AC7E1F20229A815C001180C3 /* Memo.swift */ = {isa = PBXFileReference; lastKnownFileType = sourcecode.swift; path = Memo.swift; sourceTree = "<group>"; };
		AC7E1F23229C2D00001180C3 /* GoogleService-Info.plist */ = {isa = PBXFileReference; fileEncoding = 4; lastKnownFileType = text.plist.xml; path = "GoogleService-Info.plist"; sourceTree = "<group>"; };
		ACC0ACD0229C3AE90017BBB8 /* FirebaseManager.swift */ = {isa = PBXFileReference; lastKnownFileType = sourcecode.swift; path = FirebaseManager.swift; sourceTree = "<group>"; };
		ACC0ACDE22A1391E0017BBB8 /* UIApplication+SimpleMemo.swift */ = {isa = PBXFileReference; lastKnownFileType = sourcecode.swift; path = "UIApplication+SimpleMemo.swift"; sourceTree = "<group>"; };
		ACC0ACE022A1406B0017BBB8 /* Navigator.swift */ = {isa = PBXFileReference; lastKnownFileType = sourcecode.swift; path = Navigator.swift; sourceTree = "<group>"; };
		C214C77E23C8566C00B760DC /* LoggedInRouter.swift */ = {isa = PBXFileReference; lastKnownFileType = sourcecode.swift; path = LoggedInRouter.swift; sourceTree = "<group>"; };
		C214C77F23C8566C00B760DC /* LoggedInBuilder.swift */ = {isa = PBXFileReference; lastKnownFileType = sourcecode.swift; path = LoggedInBuilder.swift; sourceTree = "<group>"; };
		C214C78023C8566C00B760DC /* LoggedInInteractor.swift */ = {isa = PBXFileReference; lastKnownFileType = sourcecode.swift; path = LoggedInInteractor.swift; sourceTree = "<group>"; };
		C227CC6223CEDE1A00574AD0 /* AddMemoBuilder.swift */ = {isa = PBXFileReference; fileEncoding = 4; lastKnownFileType = sourcecode.swift; path = AddMemoBuilder.swift; sourceTree = "<group>"; };
		C227CC6323CEDE1A00574AD0 /* AddMemoInteractor.swift */ = {isa = PBXFileReference; fileEncoding = 4; lastKnownFileType = sourcecode.swift; path = AddMemoInteractor.swift; sourceTree = "<group>"; };
		C227CC6423CEDE1A00574AD0 /* AddMemoRouter.swift */ = {isa = PBXFileReference; fileEncoding = 4; lastKnownFileType = sourcecode.swift; path = AddMemoRouter.swift; sourceTree = "<group>"; };
		C227CC6523CEDE1A00574AD0 /* AddMemoViewController.xib */ = {isa = PBXFileReference; fileEncoding = 4; lastKnownFileType = file.xib; path = AddMemoViewController.xib; sourceTree = "<group>"; };
		C227CC6623CEDE1A00574AD0 /* AddMemoViewController.swift */ = {isa = PBXFileReference; fileEncoding = 4; lastKnownFileType = sourcecode.swift; path = AddMemoViewController.swift; sourceTree = "<group>"; };
		C227CC6D23CEDE3C00574AD0 /* MemosBuilder.swift */ = {isa = PBXFileReference; fileEncoding = 4; lastKnownFileType = sourcecode.swift; path = MemosBuilder.swift; sourceTree = "<group>"; };
		C227CC6E23CEDE3C00574AD0 /* MemosRouter.swift */ = {isa = PBXFileReference; fileEncoding = 4; lastKnownFileType = sourcecode.swift; path = MemosRouter.swift; sourceTree = "<group>"; };
		C227CC6F23CEDE3C00574AD0 /* MemosInteractor.swift */ = {isa = PBXFileReference; fileEncoding = 4; lastKnownFileType = sourcecode.swift; path = MemosInteractor.swift; sourceTree = "<group>"; };
		C227CC7023CEDE3C00574AD0 /* MemosViewController.swift */ = {isa = PBXFileReference; fileEncoding = 4; lastKnownFileType = sourcecode.swift; path = MemosViewController.swift; sourceTree = "<group>"; };
		C227CC7123CEDE3C00574AD0 /* MemosViewController.storyboard */ = {isa = PBXFileReference; fileEncoding = 4; lastKnownFileType = file.storyboard; path = MemosViewController.storyboard; sourceTree = "<group>"; };
		C28BFDB723D1C513002C5E5C /* SimpleMemoTests.xctest */ = {isa = PBXFileReference; explicitFileType = wrapper.cfbundle; includeInIndex = 0; path = SimpleMemoTests.xctest; sourceTree = BUILT_PRODUCTS_DIR; };
		C28BFDBB23D1C513002C5E5C /* Info.plist */ = {isa = PBXFileReference; lastKnownFileType = text.plist.xml; path = Info.plist; sourceTree = "<group>"; };
		C28BFDC523D2900C002C5E5C /* RootInteractorTests.swift */ = {isa = PBXFileReference; lastKnownFileType = sourcecode.swift; path = RootInteractorTests.swift; sourceTree = "<group>"; };
		C28BFDC623D2900C002C5E5C /* RootRouterTests.swift */ = {isa = PBXFileReference; lastKnownFileType = sourcecode.swift; path = RootRouterTests.swift; sourceTree = "<group>"; };
		C28BFDC923D29148002C5E5C /* Mocks.swift */ = {isa = PBXFileReference; lastKnownFileType = sourcecode.swift; path = Mocks.swift; sourceTree = "<group>"; };
		C2AECB6622C74B5400BB6EEE /* LoginTextInputManager.swift */ = {isa = PBXFileReference; lastKnownFileType = sourcecode.swift; path = LoginTextInputManager.swift; sourceTree = "<group>"; };
/* End PBXFileReference section */

/* Begin PBXFrameworksBuildPhase section */
		AC7E1EFC229A72A4001180C3 /* Frameworks */ = {
			isa = PBXFrameworksBuildPhase;
			buildActionMask = 2147483647;
			files = (
				FD4E73BD40815A7269FBD24B /* Pods_SimpleMemo.framework in Frameworks */,
			);
			runOnlyForDeploymentPostprocessing = 0;
		};
		C28BFDB423D1C513002C5E5C /* Frameworks */ = {
			isa = PBXFrameworksBuildPhase;
			buildActionMask = 2147483647;
			files = (
				2A2A2231754F70F31C3FB8AE /* Pods_SimpleMemoTests.framework in Frameworks */,
			);
			runOnlyForDeploymentPostprocessing = 0;
		};
/* End PBXFrameworksBuildPhase section */

/* Begin PBXGroup section */
		11A3A1CF1719C005CA3518BC /* Frameworks */ = {
			isa = PBXGroup;
			children = (
				15546FFE30DB6CAA85C4C58B /* Pods_SimpleMemo.framework */,
				0A6F09E78BAEC6FA1DC33054 /* Pods_SimpleMemoTests.framework */,
			);
			name = Frameworks;
			sourceTree = "<group>";
		};
		7D7C844DD5759FD6E90AE5AF /* Pods */ = {
			isa = PBXGroup;
			children = (
				5081BF39B389A6BC44D8C656 /* Pods-SimpleMemo.debug.xcconfig */,
				4F561475DA26D4FA97485663 /* Pods-SimpleMemo.release.xcconfig */,
				15F187E2314ECC73C880AD74 /* Pods-SimpleMemoTests.debug.xcconfig */,
				08CEA3B5CCC62DBE7374C673 /* Pods-SimpleMemoTests.release.xcconfig */,
			);
			name = Pods;
			sourceTree = "<group>";
		};
		AC3413B622AEA1850090487B /* Extension */ = {
			isa = PBXGroup;
			children = (
				AC3413B722AEA1B40090487B /* String+SimpleMemo.swift */,
				ACC0ACDE22A1391E0017BBB8 /* UIApplication+SimpleMemo.swift */,
				AC3F04CA23C4C2B3005ED8E6 /* UINavigationController+SimpleMemo.swift */,
			);
			path = Extension;
			sourceTree = "<group>";
		};
		AC3F04CC23C4C481005ED8E6 /* Utils */ = {
			isa = PBXGroup;
			children = (
				ACC0ACD0229C3AE90017BBB8 /* FirebaseManager.swift */,
				C2AECB6622C74B5400BB6EEE /* LoginTextInputManager.swift */,
			);
			path = Utils;
			sourceTree = "<group>";
		};
		AC3F04D023C4ED32005ED8E6 /* RIBs */ = {
			isa = PBXGroup;
			children = (
				AC3F04D123C4ED50005ED8E6 /* Root */,
				AC3F04E523C77293005ED8E6 /* LoggedOut */,
				AC503E7223CF520D00FA1EC2 /* SignUp */,
				C214C77D23C8557F00B760DC /* LoggedIn */,
				C227CC6C23CEDE3C00574AD0 /* Memos */,
				C227CC6123CEDE1A00574AD0 /* AddMemo */,
			);
			path = RIBs;
			sourceTree = "<group>";
		};
		AC3F04D123C4ED50005ED8E6 /* Root */ = {
			isa = PBXGroup;
			children = (
				AC3F04DD23C4F455005ED8E6 /* RootRouter.swift */,
				AC3F04DE23C4F455005ED8E6 /* RootViewController.swift */,
				AC3F04DF23C4F455005ED8E6 /* RootBuilder.swift */,
				AC3F04E023C4F455005ED8E6 /* RootInteractor.swift */,
			);
			path = Root;
			sourceTree = "<group>";
		};
		AC3F04D223C4ED7C005ED8E6 /* App */ = {
			isa = PBXGroup;
			children = (
				AC7E1F02229A72A4001180C3 /* AppDelegate.swift */,
				AC3F04D323C4ED96005ED8E6 /* AppComponent.swift */,
			);
			path = App;
			sourceTree = "<group>";
		};
		AC3F04E523C77293005ED8E6 /* LoggedOut */ = {
			isa = PBXGroup;
			children = (
				AC3F04E623C772BA005ED8E6 /* LoggedOutRouter.swift */,
				AC3F04E823C772BA005ED8E6 /* LoggedOutBuilder.swift */,
				AC3F04E923C772BA005ED8E6 /* LoggedOutInteractor.swift */,
				AC3F04E723C772BA005ED8E6 /* LoggedOutViewController.swift */,
				AC3F04EA23C772BA005ED8E6 /* LoggedOutViewController.xib */,
			);
			path = LoggedOut;
			sourceTree = "<group>";
		};
		AC3F052623C9775F005ED8E6 /* Environment */ = {
			isa = PBXGroup;
			children = (
				AC3F052723C97781005ED8E6 /* Storyboard.swift */,
			);
			path = Environment;
			sourceTree = "<group>";
		};
		AC503E7223CF520D00FA1EC2 /* SignUp */ = {
			isa = PBXGroup;
			children = (
				AC503E7323CF522300FA1EC2 /* SignUpRouter.swift */,
				AC503E7423CF522300FA1EC2 /* SignUpViewController.swift */,
				AC503E7523CF522300FA1EC2 /* SignUpBuilder.swift */,
				AC503E7623CF522300FA1EC2 /* SignUpInteractor.swift */,
				AC503E7723CF522300FA1EC2 /* SignUpViewController.xib */,
			);
			path = SignUp;
			sourceTree = "<group>";
		};
		AC7E1EF6229A72A3001180C3 = {
			isa = PBXGroup;
			children = (
				AC7E1F01229A72A4001180C3 /* SimpleMemo */,
				C28BFDB823D1C513002C5E5C /* SimpleMemoTests */,
				AC7E1F00229A72A4001180C3 /* Products */,
				7D7C844DD5759FD6E90AE5AF /* Pods */,
				11A3A1CF1719C005CA3518BC /* Frameworks */,
			);
			sourceTree = "<group>";
		};
		AC7E1F00229A72A4001180C3 /* Products */ = {
			isa = PBXGroup;
			children = (
				AC7E1EFF229A72A4001180C3 /* SimpleMemo.app */,
				C28BFDB723D1C513002C5E5C /* SimpleMemoTests.xctest */,
			);
			name = Products;
			sourceTree = "<group>";
		};
		AC7E1F01229A72A4001180C3 /* SimpleMemo */ = {
			isa = PBXGroup;
			children = (
				AC3F04D223C4ED7C005ED8E6 /* App */,
				AC3F04D023C4ED32005ED8E6 /* RIBs */,
				AC3413B622AEA1850090487B /* Extension */,
				AC3F052623C9775F005ED8E6 /* Environment */,
				ACC0ACDD22A138E90017BBB8 /* Navigation */,
				AC3F04CC23C4C481005ED8E6 /* Utils */,
				AC7E1F09229A72A7001180C3 /* Assets.xcassets */,
				AC3F052923CA0004005ED8E6 /* Color.xcassets */,
				AC7E1F0B229A72A7001180C3 /* LaunchScreen.storyboard */,
				AC503E7D23CF5C7700FA1EC2 /* Main.storyboard */,
				AC7E1F18229A8002001180C3 /* Model */,
				AC7E1F0E229A72A7001180C3 /* Info.plist */,
				AC7E1F23229C2D00001180C3 /* GoogleService-Info.plist */,
			);
			path = SimpleMemo;
			sourceTree = "<group>";
		};
		AC7E1F18229A8002001180C3 /* Model */ = {
			isa = PBXGroup;
			children = (
				AC7E1F20229A815C001180C3 /* Memo.swift */,
			);
			path = Model;
			sourceTree = "<group>";
		};
		ACC0ACDD22A138E90017BBB8 /* Navigation */ = {
			isa = PBXGroup;
			children = (
				ACC0ACE022A1406B0017BBB8 /* Navigator.swift */,
			);
			path = Navigation;
			sourceTree = "<group>";
		};
		C214C77D23C8557F00B760DC /* LoggedIn */ = {
			isa = PBXGroup;
			children = (
				C214C77E23C8566C00B760DC /* LoggedInRouter.swift */,
				C214C77F23C8566C00B760DC /* LoggedInBuilder.swift */,
				C214C78023C8566C00B760DC /* LoggedInInteractor.swift */,
			);
			path = LoggedIn;
			sourceTree = "<group>";
		};
		C227CC6123CEDE1A00574AD0 /* AddMemo */ = {
			isa = PBXGroup;
			children = (
				C227CC6223CEDE1A00574AD0 /* AddMemoBuilder.swift */,
				C227CC6323CEDE1A00574AD0 /* AddMemoInteractor.swift */,
				C227CC6423CEDE1A00574AD0 /* AddMemoRouter.swift */,
				C227CC6523CEDE1A00574AD0 /* AddMemoViewController.xib */,
				C227CC6623CEDE1A00574AD0 /* AddMemoViewController.swift */,
			);
			path = AddMemo;
			sourceTree = "<group>";
		};
		C227CC6C23CEDE3C00574AD0 /* Memos */ = {
			isa = PBXGroup;
			children = (
				C227CC6D23CEDE3C00574AD0 /* MemosBuilder.swift */,
				C227CC6E23CEDE3C00574AD0 /* MemosRouter.swift */,
				C227CC6F23CEDE3C00574AD0 /* MemosInteractor.swift */,
				C227CC7023CEDE3C00574AD0 /* MemosViewController.swift */,
				C227CC7123CEDE3C00574AD0 /* MemosViewController.storyboard */,
			);
			path = Memos;
			sourceTree = "<group>";
		};
		C28BFDB823D1C513002C5E5C /* SimpleMemoTests */ = {
			isa = PBXGroup;
			children = (
				C28BFDC323D28F56002C5E5C /* RIBs */,
				C28BFDC923D29148002C5E5C /* Mocks.swift */,
				C28BFDBB23D1C513002C5E5C /* Info.plist */,
			);
			path = SimpleMemoTests;
			sourceTree = "<group>";
		};
		C28BFDC323D28F56002C5E5C /* RIBs */ = {
			isa = PBXGroup;
			children = (
				C28BFDC423D28F67002C5E5C /* Root */,
			);
			path = RIBs;
			sourceTree = "<group>";
		};
		C28BFDC423D28F67002C5E5C /* Root */ = {
			isa = PBXGroup;
			children = (
				C28BFDC523D2900C002C5E5C /* RootInteractorTests.swift */,
				C28BFDC623D2900C002C5E5C /* RootRouterTests.swift */,
			);
			path = Root;
			sourceTree = "<group>";
		};
/* End PBXGroup section */

/* Begin PBXNativeTarget section */
		AC7E1EFE229A72A4001180C3 /* SimpleMemo */ = {
			isa = PBXNativeTarget;
			buildConfigurationList = AC7E1F11229A72A7001180C3 /* Build configuration list for PBXNativeTarget "SimpleMemo" */;
			buildPhases = (
				571C37F28DD472B05740F5E0 /* [CP] Check Pods Manifest.lock */,
				AC7E1EFB229A72A4001180C3 /* Sources */,
				AC7E1EFC229A72A4001180C3 /* Frameworks */,
				AC7E1EFD229A72A4001180C3 /* Resources */,
				4DC5714EC7AC5CE864D00182 /* [CP] Embed Pods Frameworks */,
			);
			buildRules = (
			);
			dependencies = (
			);
			name = SimpleMemo;
			productName = SimpleMemo;
			productReference = AC7E1EFF229A72A4001180C3 /* SimpleMemo.app */;
			productType = "com.apple.product-type.application";
		};
		C28BFDB623D1C513002C5E5C /* SimpleMemoTests */ = {
			isa = PBXNativeTarget;
			buildConfigurationList = C28BFDC023D1C513002C5E5C /* Build configuration list for PBXNativeTarget "SimpleMemoTests" */;
			buildPhases = (
				4B20F208EAB253CD3B2E4EDD /* [CP] Check Pods Manifest.lock */,
				C28BFDB323D1C513002C5E5C /* Sources */,
				C28BFDB423D1C513002C5E5C /* Frameworks */,
				C28BFDB523D1C513002C5E5C /* Resources */,
				F040C962C13D4FB592CFF6D3 /* [CP] Embed Pods Frameworks */,
			);
			buildRules = (
			);
			dependencies = (
				C28BFDBD23D1C513002C5E5C /* PBXTargetDependency */,
			);
			name = SimpleMemoTests;
			productName = SimpleMemoTests;
			productReference = C28BFDB723D1C513002C5E5C /* SimpleMemoTests.xctest */;
			productType = "com.apple.product-type.bundle.unit-test";
		};
/* End PBXNativeTarget section */

/* Begin PBXProject section */
		AC7E1EF7229A72A3001180C3 /* Project object */ = {
			isa = PBXProject;
			attributes = {
				LastSwiftUpdateCheck = 1130;
				LastUpgradeCheck = 1020;
				ORGANIZATIONNAME = eunjin;
				TargetAttributes = {
					AC7E1EFE229A72A4001180C3 = {
						CreatedOnToolsVersion = 10.2;
					};
					C28BFDB623D1C513002C5E5C = {
						CreatedOnToolsVersion = 11.3;
						TestTargetID = AC7E1EFE229A72A4001180C3;
					};
				};
			};
			buildConfigurationList = AC7E1EFA229A72A4001180C3 /* Build configuration list for PBXProject "SimpleMemo" */;
			compatibilityVersion = "Xcode 9.3";
			developmentRegion = en;
			hasScannedForEncodings = 0;
			knownRegions = (
				en,
				Base,
			);
			mainGroup = AC7E1EF6229A72A3001180C3;
			productRefGroup = AC7E1F00229A72A4001180C3 /* Products */;
			projectDirPath = "";
			projectRoot = "";
			targets = (
				AC7E1EFE229A72A4001180C3 /* SimpleMemo */,
				C28BFDB623D1C513002C5E5C /* SimpleMemoTests */,
			);
		};
/* End PBXProject section */

/* Begin PBXResourcesBuildPhase section */
		AC7E1EFD229A72A4001180C3 /* Resources */ = {
			isa = PBXResourcesBuildPhase;
			buildActionMask = 2147483647;
			files = (
				C227CC6A23CEDE1A00574AD0 /* AddMemoViewController.xib in Resources */,
				AC3F04EF23C772BA005ED8E6 /* LoggedOutViewController.xib in Resources */,
				AC7E1F0D229A72A7001180C3 /* LaunchScreen.storyboard in Resources */,
				AC7E1F24229C2D00001180C3 /* GoogleService-Info.plist in Resources */,
				AC503E7C23CF522300FA1EC2 /* SignUpViewController.xib in Resources */,
				AC7E1F0A229A72A7001180C3 /* Assets.xcassets in Resources */,
				AC503E7E23CF5C7700FA1EC2 /* Main.storyboard in Resources */,
				C227CC7623CEDE3C00574AD0 /* MemosViewController.storyboard in Resources */,
				AC3F052A23CA0004005ED8E6 /* Color.xcassets in Resources */,
			);
			runOnlyForDeploymentPostprocessing = 0;
		};
		C28BFDB523D1C513002C5E5C /* Resources */ = {
			isa = PBXResourcesBuildPhase;
			buildActionMask = 2147483647;
			files = (
			);
			runOnlyForDeploymentPostprocessing = 0;
		};
/* End PBXResourcesBuildPhase section */

/* Begin PBXShellScriptBuildPhase section */
		4B20F208EAB253CD3B2E4EDD /* [CP] Check Pods Manifest.lock */ = {
			isa = PBXShellScriptBuildPhase;
			buildActionMask = 2147483647;
			files = (
			);
			inputFileListPaths = (
			);
			inputPaths = (
				"${PODS_PODFILE_DIR_PATH}/Podfile.lock",
				"${PODS_ROOT}/Manifest.lock",
			);
			name = "[CP] Check Pods Manifest.lock";
			outputFileListPaths = (
			);
			outputPaths = (
				"$(DERIVED_FILE_DIR)/Pods-SimpleMemoTests-checkManifestLockResult.txt",
			);
			runOnlyForDeploymentPostprocessing = 0;
			shellPath = /bin/sh;
			shellScript = "diff \"${PODS_PODFILE_DIR_PATH}/Podfile.lock\" \"${PODS_ROOT}/Manifest.lock\" > /dev/null\nif [ $? != 0 ] ; then\n    # print error to STDERR\n    echo \"error: The sandbox is not in sync with the Podfile.lock. Run 'pod install' or update your CocoaPods installation.\" >&2\n    exit 1\nfi\n# This output is used by Xcode 'outputs' to avoid re-running this script phase.\necho \"SUCCESS\" > \"${SCRIPT_OUTPUT_FILE_0}\"\n";
			showEnvVarsInLog = 0;
		};
		4DC5714EC7AC5CE864D00182 /* [CP] Embed Pods Frameworks */ = {
			isa = PBXShellScriptBuildPhase;
			buildActionMask = 2147483647;
			files = (
			);
			inputFileListPaths = (
				"${PODS_ROOT}/Target Support Files/Pods-SimpleMemo/Pods-SimpleMemo-frameworks-${CONFIGURATION}-input-files.xcfilelist",
			);
			name = "[CP] Embed Pods Frameworks";
			outputFileListPaths = (
				"${PODS_ROOT}/Target Support Files/Pods-SimpleMemo/Pods-SimpleMemo-frameworks-${CONFIGURATION}-output-files.xcfilelist",
			);
			runOnlyForDeploymentPostprocessing = 0;
			shellPath = /bin/sh;
			shellScript = "\"${PODS_ROOT}/Target Support Files/Pods-SimpleMemo/Pods-SimpleMemo-frameworks.sh\"\n";
			showEnvVarsInLog = 0;
		};
		571C37F28DD472B05740F5E0 /* [CP] Check Pods Manifest.lock */ = {
			isa = PBXShellScriptBuildPhase;
			buildActionMask = 2147483647;
			files = (
			);
			inputPaths = (
				"${PODS_PODFILE_DIR_PATH}/Podfile.lock",
				"${PODS_ROOT}/Manifest.lock",
			);
			name = "[CP] Check Pods Manifest.lock";
			outputPaths = (
				"$(DERIVED_FILE_DIR)/Pods-SimpleMemo-checkManifestLockResult.txt",
			);
			runOnlyForDeploymentPostprocessing = 0;
			shellPath = /bin/sh;
			shellScript = "diff \"${PODS_PODFILE_DIR_PATH}/Podfile.lock\" \"${PODS_ROOT}/Manifest.lock\" > /dev/null\nif [ $? != 0 ] ; then\n    # print error to STDERR\n    echo \"error: The sandbox is not in sync with the Podfile.lock. Run 'pod install' or update your CocoaPods installation.\" >&2\n    exit 1\nfi\n# This output is used by Xcode 'outputs' to avoid re-running this script phase.\necho \"SUCCESS\" > \"${SCRIPT_OUTPUT_FILE_0}\"\n";
			showEnvVarsInLog = 0;
		};
		F040C962C13D4FB592CFF6D3 /* [CP] Embed Pods Frameworks */ = {
			isa = PBXShellScriptBuildPhase;
			buildActionMask = 2147483647;
			files = (
			);
			inputFileListPaths = (
				"${PODS_ROOT}/Target Support Files/Pods-SimpleMemoTests/Pods-SimpleMemoTests-frameworks-${CONFIGURATION}-input-files.xcfilelist",
			);
			name = "[CP] Embed Pods Frameworks";
			outputFileListPaths = (
				"${PODS_ROOT}/Target Support Files/Pods-SimpleMemoTests/Pods-SimpleMemoTests-frameworks-${CONFIGURATION}-output-files.xcfilelist",
			);
			runOnlyForDeploymentPostprocessing = 0;
			shellPath = /bin/sh;
			shellScript = "\"${PODS_ROOT}/Target Support Files/Pods-SimpleMemoTests/Pods-SimpleMemoTests-frameworks.sh\"\n";
			showEnvVarsInLog = 0;
		};
/* End PBXShellScriptBuildPhase section */

/* Begin PBXSourcesBuildPhase section */
		AC7E1EFB229A72A4001180C3 /* Sources */ = {
			isa = PBXSourcesBuildPhase;
			buildActionMask = 2147483647;
			files = (
				C214C78223C8566C00B760DC /* LoggedInBuilder.swift in Sources */,
				AC3F04EE23C772BA005ED8E6 /* LoggedOutInteractor.swift in Sources */,
				C214C78323C8566C00B760DC /* LoggedInInteractor.swift in Sources */,
				AC3F04EC23C772BA005ED8E6 /* LoggedOutViewController.swift in Sources */,
				C227CC7223CEDE3C00574AD0 /* MemosBuilder.swift in Sources */,
				AC3F04ED23C772BA005ED8E6 /* LoggedOutBuilder.swift in Sources */,
				C227CC6B23CEDE1A00574AD0 /* AddMemoViewController.swift in Sources */,
				AC3F04E423C4F455005ED8E6 /* RootInteractor.swift in Sources */,
				AC3F04E123C4F455005ED8E6 /* RootRouter.swift in Sources */,
				C2AECB6722C74B5400BB6EEE /* LoginTextInputManager.swift in Sources */,
				AC3413B822AEA1B40090487B /* String+SimpleMemo.swift in Sources */,
				AC3F04D423C4ED96005ED8E6 /* AppComponent.swift in Sources */,
				C227CC6723CEDE1A00574AD0 /* AddMemoBuilder.swift in Sources */,
				C227CC7523CEDE3C00574AD0 /* MemosViewController.swift in Sources */,
				ACC0ACD1229C3AE90017BBB8 /* FirebaseManager.swift in Sources */,
				AC3F04E323C4F455005ED8E6 /* RootBuilder.swift in Sources */,
				AC503E7B23CF522300FA1EC2 /* SignUpInteractor.swift in Sources */,
				ACC0ACDF22A1391E0017BBB8 /* UIApplication+SimpleMemo.swift in Sources */,
				AC3F04E223C4F455005ED8E6 /* RootViewController.swift in Sources */,
				AC503E7823CF522300FA1EC2 /* SignUpRouter.swift in Sources */,
				AC3F052823C97781005ED8E6 /* Storyboard.swift in Sources */,
				C227CC6923CEDE1A00574AD0 /* AddMemoRouter.swift in Sources */,
				C214C78123C8566C00B760DC /* LoggedInRouter.swift in Sources */,
				AC7E1F21229A815C001180C3 /* Memo.swift in Sources */,
				AC503E7A23CF522300FA1EC2 /* SignUpBuilder.swift in Sources */,
				AC503E7923CF522300FA1EC2 /* SignUpViewController.swift in Sources */,
				ACC0ACE122A1406B0017BBB8 /* Navigator.swift in Sources */,
				C227CC7323CEDE3C00574AD0 /* MemosRouter.swift in Sources */,
				AC3F04EB23C772BA005ED8E6 /* LoggedOutRouter.swift in Sources */,
				C227CC7423CEDE3C00574AD0 /* MemosInteractor.swift in Sources */,
				C227CC6823CEDE1A00574AD0 /* AddMemoInteractor.swift in Sources */,
				AC3F04CB23C4C2B3005ED8E6 /* UINavigationController+SimpleMemo.swift in Sources */,
				AC7E1F03229A72A4001180C3 /* AppDelegate.swift in Sources */,
			);
			runOnlyForDeploymentPostprocessing = 0;
		};
		C28BFDB323D1C513002C5E5C /* Sources */ = {
			isa = PBXSourcesBuildPhase;
			buildActionMask = 2147483647;
			files = (
				C28BFDC823D2900C002C5E5C /* RootRouterTests.swift in Sources */,
				C28BFDC723D2900C002C5E5C /* RootInteractorTests.swift in Sources */,
				C28BFDCA23D29148002C5E5C /* Mocks.swift in Sources */,
			);
			runOnlyForDeploymentPostprocessing = 0;
		};
/* End PBXSourcesBuildPhase section */

/* Begin PBXTargetDependency section */
		C28BFDBD23D1C513002C5E5C /* PBXTargetDependency */ = {
			isa = PBXTargetDependency;
			target = AC7E1EFE229A72A4001180C3 /* SimpleMemo */;
			targetProxy = C28BFDBC23D1C513002C5E5C /* PBXContainerItemProxy */;
		};
/* End PBXTargetDependency section */

/* Begin PBXVariantGroup section */
		AC7E1F0B229A72A7001180C3 /* LaunchScreen.storyboard */ = {
			isa = PBXVariantGroup;
			children = (
				AC7E1F0C229A72A7001180C3 /* Base */,
			);
			name = LaunchScreen.storyboard;
			sourceTree = "<group>";
		};
/* End PBXVariantGroup section */

/* Begin XCBuildConfiguration section */
		AC7E1F0F229A72A7001180C3 /* Debug */ = {
			isa = XCBuildConfiguration;
			buildSettings = {
				ALWAYS_SEARCH_USER_PATHS = NO;
				CLANG_ANALYZER_NONNULL = YES;
				CLANG_ANALYZER_NUMBER_OBJECT_CONVERSION = YES_AGGRESSIVE;
				CLANG_CXX_LANGUAGE_STANDARD = "gnu++14";
				CLANG_CXX_LIBRARY = "libc++";
				CLANG_ENABLE_MODULES = YES;
				CLANG_ENABLE_OBJC_ARC = YES;
				CLANG_ENABLE_OBJC_WEAK = YES;
				CLANG_WARN_BLOCK_CAPTURE_AUTORELEASING = YES;
				CLANG_WARN_BOOL_CONVERSION = YES;
				CLANG_WARN_COMMA = YES;
				CLANG_WARN_CONSTANT_CONVERSION = YES;
				CLANG_WARN_DEPRECATED_OBJC_IMPLEMENTATIONS = YES;
				CLANG_WARN_DIRECT_OBJC_ISA_USAGE = YES_ERROR;
				CLANG_WARN_DOCUMENTATION_COMMENTS = YES;
				CLANG_WARN_EMPTY_BODY = YES;
				CLANG_WARN_ENUM_CONVERSION = YES;
				CLANG_WARN_INFINITE_RECURSION = YES;
				CLANG_WARN_INT_CONVERSION = YES;
				CLANG_WARN_NON_LITERAL_NULL_CONVERSION = YES;
				CLANG_WARN_OBJC_IMPLICIT_RETAIN_SELF = YES;
				CLANG_WARN_OBJC_LITERAL_CONVERSION = YES;
				CLANG_WARN_OBJC_ROOT_CLASS = YES_ERROR;
				CLANG_WARN_RANGE_LOOP_ANALYSIS = YES;
				CLANG_WARN_STRICT_PROTOTYPES = YES;
				CLANG_WARN_SUSPICIOUS_MOVE = YES;
				CLANG_WARN_UNGUARDED_AVAILABILITY = YES_AGGRESSIVE;
				CLANG_WARN_UNREACHABLE_CODE = YES;
				CLANG_WARN__DUPLICATE_METHOD_MATCH = YES;
				CODE_SIGN_IDENTITY = "iPhone Developer";
				COPY_PHASE_STRIP = NO;
				DEBUG_INFORMATION_FORMAT = dwarf;
				ENABLE_STRICT_OBJC_MSGSEND = YES;
				ENABLE_TESTABILITY = YES;
				GCC_C_LANGUAGE_STANDARD = gnu11;
				GCC_DYNAMIC_NO_PIC = NO;
				GCC_NO_COMMON_BLOCKS = YES;
				GCC_OPTIMIZATION_LEVEL = 0;
				GCC_PREPROCESSOR_DEFINITIONS = (
					"DEBUG=1",
					"$(inherited)",
				);
				GCC_WARN_64_TO_32_BIT_CONVERSION = YES;
				GCC_WARN_ABOUT_RETURN_TYPE = YES_ERROR;
				GCC_WARN_UNDECLARED_SELECTOR = YES;
				GCC_WARN_UNINITIALIZED_AUTOS = YES_AGGRESSIVE;
				GCC_WARN_UNUSED_FUNCTION = YES;
				GCC_WARN_UNUSED_VARIABLE = YES;
				HEADER_SEARCH_PATHS = "";
				IPHONEOS_DEPLOYMENT_TARGET = 12.2;
				MTL_ENABLE_DEBUG_INFO = INCLUDE_SOURCE;
				MTL_FAST_MATH = YES;
				ONLY_ACTIVE_ARCH = YES;
				SDKROOT = iphoneos;
				SWIFT_ACTIVE_COMPILATION_CONDITIONS = DEBUG;
				SWIFT_OPTIMIZATION_LEVEL = "-Onone";
			};
			name = Debug;
		};
		AC7E1F10229A72A7001180C3 /* Release */ = {
			isa = XCBuildConfiguration;
			buildSettings = {
				ALWAYS_SEARCH_USER_PATHS = NO;
				CLANG_ANALYZER_NONNULL = YES;
				CLANG_ANALYZER_NUMBER_OBJECT_CONVERSION = YES_AGGRESSIVE;
				CLANG_CXX_LANGUAGE_STANDARD = "gnu++14";
				CLANG_CXX_LIBRARY = "libc++";
				CLANG_ENABLE_MODULES = YES;
				CLANG_ENABLE_OBJC_ARC = YES;
				CLANG_ENABLE_OBJC_WEAK = YES;
				CLANG_WARN_BLOCK_CAPTURE_AUTORELEASING = YES;
				CLANG_WARN_BOOL_CONVERSION = YES;
				CLANG_WARN_COMMA = YES;
				CLANG_WARN_CONSTANT_CONVERSION = YES;
				CLANG_WARN_DEPRECATED_OBJC_IMPLEMENTATIONS = YES;
				CLANG_WARN_DIRECT_OBJC_ISA_USAGE = YES_ERROR;
				CLANG_WARN_DOCUMENTATION_COMMENTS = YES;
				CLANG_WARN_EMPTY_BODY = YES;
				CLANG_WARN_ENUM_CONVERSION = YES;
				CLANG_WARN_INFINITE_RECURSION = YES;
				CLANG_WARN_INT_CONVERSION = YES;
				CLANG_WARN_NON_LITERAL_NULL_CONVERSION = YES;
				CLANG_WARN_OBJC_IMPLICIT_RETAIN_SELF = YES;
				CLANG_WARN_OBJC_LITERAL_CONVERSION = YES;
				CLANG_WARN_OBJC_ROOT_CLASS = YES_ERROR;
				CLANG_WARN_RANGE_LOOP_ANALYSIS = YES;
				CLANG_WARN_STRICT_PROTOTYPES = YES;
				CLANG_WARN_SUSPICIOUS_MOVE = YES;
				CLANG_WARN_UNGUARDED_AVAILABILITY = YES_AGGRESSIVE;
				CLANG_WARN_UNREACHABLE_CODE = YES;
				CLANG_WARN__DUPLICATE_METHOD_MATCH = YES;
				CODE_SIGN_IDENTITY = "iPhone Developer";
				COPY_PHASE_STRIP = NO;
				DEBUG_INFORMATION_FORMAT = "dwarf-with-dsym";
				ENABLE_NS_ASSERTIONS = NO;
				ENABLE_STRICT_OBJC_MSGSEND = YES;
				GCC_C_LANGUAGE_STANDARD = gnu11;
				GCC_NO_COMMON_BLOCKS = YES;
				GCC_WARN_64_TO_32_BIT_CONVERSION = YES;
				GCC_WARN_ABOUT_RETURN_TYPE = YES_ERROR;
				GCC_WARN_UNDECLARED_SELECTOR = YES;
				GCC_WARN_UNINITIALIZED_AUTOS = YES_AGGRESSIVE;
				GCC_WARN_UNUSED_FUNCTION = YES;
				GCC_WARN_UNUSED_VARIABLE = YES;
				HEADER_SEARCH_PATHS = "";
				IPHONEOS_DEPLOYMENT_TARGET = 12.2;
				MTL_ENABLE_DEBUG_INFO = NO;
				MTL_FAST_MATH = YES;
				SDKROOT = iphoneos;
				SWIFT_COMPILATION_MODE = wholemodule;
				SWIFT_OPTIMIZATION_LEVEL = "-O";
				VALIDATE_PRODUCT = YES;
			};
			name = Release;
		};
		AC7E1F12229A72A7001180C3 /* Debug */ = {
			isa = XCBuildConfiguration;
			baseConfigurationReference = 5081BF39B389A6BC44D8C656 /* Pods-SimpleMemo.debug.xcconfig */;
			buildSettings = {
				ASSETCATALOG_COMPILER_APPICON_NAME = AppIcon;
				CODE_SIGN_STYLE = Automatic;
				DEVELOPMENT_TEAM = 6C4YL9RLK7;
				HEADER_SEARCH_PATHS = (
					"$(inherited)",
					"\"${PODS_CONFIGURATION_BUILD_DIR}/FirebaseAuth/FirebaseAuth.framework/Headers\"",
					"\"${PODS_CONFIGURATION_BUILD_DIR}/FirebaseCore/FirebaseCore.framework/Headers\"",
					"\"${PODS_CONFIGURATION_BUILD_DIR}/FirebaseDatabase/FirebaseDatabase.framework/Headers\"",
					"\"${PODS_CONFIGURATION_BUILD_DIR}/GTMSessionFetcher/GTMSessionFetcher.framework/Headers\"",
					"\"${PODS_CONFIGURATION_BUILD_DIR}/GoogleUtilities/GoogleUtilities.framework/Headers\"",
					"\"${PODS_CONFIGURATION_BUILD_DIR}/RIBs-framework/RIBs.framework/Headers\"",
					"\"${PODS_CONFIGURATION_BUILD_DIR}/RxCocoa/RxCocoa.framework/Headers\"",
					"\"${PODS_CONFIGURATION_BUILD_DIR}/RxRelay-framework/RxRelay.framework/Headers\"",
					"\"${PODS_CONFIGURATION_BUILD_DIR}/RxSwift-framework/RxSwift.framework/Headers\"",
					"\"${PODS_CONFIGURATION_BUILD_DIR}/leveldb-library/leveldb.framework/Headers\"",
					"\"${PODS_CONFIGURATION_BUILD_DIR}/nanopb/nanopb.framework/Headers\"",
					"\"${PODS_ROOT}/Headers/Public\"",
					"\"${PODS_ROOT}/Headers/Public/Firebase\"",
					"\"${PODS_ROOT}/Headers/Public/FirebaseAuthInterop\"",
					"\"${PODS_ROOT}/Firebase/CoreOnly/Sources\"",
				);
				INFOPLIST_FILE = SimpleMemo/Info.plist;
				LD_RUNPATH_SEARCH_PATHS = (
					"$(inherited)",
					"@executable_path/Frameworks",
				);
				PRODUCT_BUNDLE_IDENTIFIER = com.eunjin.SimpleMemo;
				PRODUCT_NAME = "$(TARGET_NAME)";
				SWIFT_VERSION = 5.0;
				TARGETED_DEVICE_FAMILY = "1,2";
			};
			name = Debug;
		};
		AC7E1F13229A72A7001180C3 /* Release */ = {
			isa = XCBuildConfiguration;
			baseConfigurationReference = 4F561475DA26D4FA97485663 /* Pods-SimpleMemo.release.xcconfig */;
			buildSettings = {
				ASSETCATALOG_COMPILER_APPICON_NAME = AppIcon;
				CODE_SIGN_STYLE = Automatic;
				DEVELOPMENT_TEAM = 6C4YL9RLK7;
				HEADER_SEARCH_PATHS = (
					"$(inherited)",
					"\"${PODS_CONFIGURATION_BUILD_DIR}/FirebaseAuth/FirebaseAuth.framework/Headers\"",
					"\"${PODS_CONFIGURATION_BUILD_DIR}/FirebaseCore/FirebaseCore.framework/Headers\"",
					"\"${PODS_CONFIGURATION_BUILD_DIR}/FirebaseDatabase/FirebaseDatabase.framework/Headers\"",
					"\"${PODS_CONFIGURATION_BUILD_DIR}/GTMSessionFetcher/GTMSessionFetcher.framework/Headers\"",
					"\"${PODS_CONFIGURATION_BUILD_DIR}/GoogleUtilities/GoogleUtilities.framework/Headers\"",
					"\"${PODS_CONFIGURATION_BUILD_DIR}/RIBs-framework/RIBs.framework/Headers\"",
					"\"${PODS_CONFIGURATION_BUILD_DIR}/RxCocoa/RxCocoa.framework/Headers\"",
					"\"${PODS_CONFIGURATION_BUILD_DIR}/RxRelay-framework/RxRelay.framework/Headers\"",
					"\"${PODS_CONFIGURATION_BUILD_DIR}/RxSwift-framework/RxSwift.framework/Headers\"",
					"\"${PODS_CONFIGURATION_BUILD_DIR}/leveldb-library/leveldb.framework/Headers\"",
					"\"${PODS_CONFIGURATION_BUILD_DIR}/nanopb/nanopb.framework/Headers\"",
					"\"${PODS_ROOT}/Headers/Public\"",
					"\"${PODS_ROOT}/Headers/Public/Firebase\"",
					"\"${PODS_ROOT}/Headers/Public/FirebaseAuthInterop\"",
					"\"${PODS_ROOT}/Firebase/CoreOnly/Sources\"",
				);
				INFOPLIST_FILE = SimpleMemo/Info.plist;
				LD_RUNPATH_SEARCH_PATHS = (
					"$(inherited)",
					"@executable_path/Frameworks",
				);
				PRODUCT_BUNDLE_IDENTIFIER = com.eunjin.SimpleMemo;
				PRODUCT_NAME = "$(TARGET_NAME)";
				SWIFT_VERSION = 5.0;
				TARGETED_DEVICE_FAMILY = "1,2";
			};
			name = Release;
		};
		C28BFDBE23D1C513002C5E5C /* Debug */ = {
			isa = XCBuildConfiguration;
			baseConfigurationReference = 15F187E2314ECC73C880AD74 /* Pods-SimpleMemoTests.debug.xcconfig */;
			buildSettings = {
				BUNDLE_LOADER = "$(TEST_HOST)";
				CODE_SIGN_STYLE = Automatic;
				DEVELOPMENT_TEAM = 6C4YL9RLK7;
				HEADER_SEARCH_PATHS = (
					"$(inherited)",
					"\"${PODS_ROOT}/Headers/Public\"",
					"\"${PODS_ROOT}/Headers/Public/Firebase\"",
					"\"${PODS_ROOT}/Headers/Public/FirebaseAuthInterop\"",
					"\"${PODS_ROOT}/Firebase/CoreOnly/Sources\"",
				);
				INFOPLIST_FILE = SimpleMemoTests/Info.plist;
				IPHONEOS_DEPLOYMENT_TARGET = 13.2;
				LD_RUNPATH_SEARCH_PATHS = (
					"$(inherited)",
					"@executable_path/Frameworks",
					"@loader_path/Frameworks",
				);
				PRODUCT_BUNDLE_IDENTIFIER = com.eunjin.SimpleMemoTests;
				PRODUCT_NAME = "$(TARGET_NAME)";
				SWIFT_VERSION = 5.0;
				TARGETED_DEVICE_FAMILY = "1,2";
				TEST_HOST = "$(BUILT_PRODUCTS_DIR)/SimpleMemo.app/SimpleMemo";
			};
			name = Debug;
		};
		C28BFDBF23D1C513002C5E5C /* Release */ = {
			isa = XCBuildConfiguration;
			baseConfigurationReference = 08CEA3B5CCC62DBE7374C673 /* Pods-SimpleMemoTests.release.xcconfig */;
			buildSettings = {
				BUNDLE_LOADER = "$(TEST_HOST)";
				CODE_SIGN_STYLE = Automatic;
				DEVELOPMENT_TEAM = 6C4YL9RLK7;
				HEADER_SEARCH_PATHS = (
					"$(inherited)",
					"\"${PODS_ROOT}/Headers/Public\"",
					"\"${PODS_ROOT}/Headers/Public/Firebase\"",
					"\"${PODS_ROOT}/Headers/Public/FirebaseAuthInterop\"",
					"\"${PODS_ROOT}/Firebase/CoreOnly/Sources\"",
				);
				INFOPLIST_FILE = SimpleMemoTests/Info.plist;
				IPHONEOS_DEPLOYMENT_TARGET = 13.2;
				LD_RUNPATH_SEARCH_PATHS = (
					"$(inherited)",
					"@executable_path/Frameworks",
					"@loader_path/Frameworks",
				);
				PRODUCT_BUNDLE_IDENTIFIER = com.eunjin.SimpleMemoTests;
				PRODUCT_NAME = "$(TARGET_NAME)";
				SWIFT_VERSION = 5.0;
				TARGETED_DEVICE_FAMILY = "1,2";
				TEST_HOST = "$(BUILT_PRODUCTS_DIR)/SimpleMemo.app/SimpleMemo";
			};
			name = Release;
		};
/* End XCBuildConfiguration section */

/* Begin XCConfigurationList section */
		AC7E1EFA229A72A4001180C3 /* Build configuration list for PBXProject "SimpleMemo" */ = {
			isa = XCConfigurationList;
			buildConfigurations = (
				AC7E1F0F229A72A7001180C3 /* Debug */,
				AC7E1F10229A72A7001180C3 /* Release */,
			);
			defaultConfigurationIsVisible = 0;
			defaultConfigurationName = Release;
		};
		AC7E1F11229A72A7001180C3 /* Build configuration list for PBXNativeTarget "SimpleMemo" */ = {
			isa = XCConfigurationList;
			buildConfigurations = (
				AC7E1F12229A72A7001180C3 /* Debug */,
				AC7E1F13229A72A7001180C3 /* Release */,
			);
			defaultConfigurationIsVisible = 0;
			defaultConfigurationName = Release;
		};
		C28BFDC023D1C513002C5E5C /* Build configuration list for PBXNativeTarget "SimpleMemoTests" */ = {
			isa = XCConfigurationList;
			buildConfigurations = (
				C28BFDBE23D1C513002C5E5C /* Debug */,
				C28BFDBF23D1C513002C5E5C /* Release */,
			);
			defaultConfigurationIsVisible = 0;
			defaultConfigurationName = Release;
		};
/* End XCConfigurationList section */
	};
	rootObject = AC7E1EF7229A72A3001180C3 /* Project object */;
}
